
Microsoft Visual Studio Solution File, Format Version 12.00
# Visual Studio 2010
Project("{2150E333-8FDC-42A3-9474-1A3956D46DE8}") = "Solution Items", "Solution Items", "{8531411A-0137-4E27-9C5E-49E07C245048}"
	ProjectSection(SolutionItems) = preProject
		local.runsettings = local.runsettings
		Local.testsettings = Local.testsettings
		Scenario.testsettings = Scenario.testsettings
		WindowsAzurePowershell.vsmdi = WindowsAzurePowershell.vsmdi
	EndProjectSection
EndProject
Project("{FAE04EC0-301F-11D3-BF4B-00C04F79EFBC}") = "Management", "Management\Management.csproj", "{CD5AA507-F5EF-473D-855B-84B91A1ABE54}"
EndProject
Project("{FAE04EC0-301F-11D3-BF4B-00C04F79EFBC}") = "Management.Test", "Management.Test\Management.Test.csproj", "{B7FD03F6-98BC-4F54-9A14-0455E579FCD4}"
EndProject
Project("{FAE04EC0-301F-11D3-BF4B-00C04F79EFBC}") = "Management.CloudService.Test", "Management.CloudService.Test\Management.CloudService.Test.csproj", "{C7C619E8-BB9B-43B6-9592-EC7F4ED3B55C}"
EndProject
Project("{FAE04EC0-301F-11D3-BF4B-00C04F79EFBC}") = "Management.SqlDatabase", "Management.SqlDatabase\Management.SqlDatabase.csproj", "{DDF5D225-C9C5-42B7-BDB5-2C3646E479AA}"
EndProject
Project("{FAE04EC0-301F-11D3-BF4B-00C04F79EFBC}") = "Management.SqlDatabase.Test", "Management.SqlDatabase.Test\Management.SqlDatabase.Test.csproj", "{37455286-D8A7-4E0C-8B4D-C517D20C641A}"
EndProject
Project("{FAE04EC0-301F-11D3-BF4B-00C04F79EFBC}") = "Management.Websites", "Management.WebSites\Management.Websites.csproj", "{C8D37385-6D1B-493A-9EEC-88A9FFEB47F6}"
EndProject
Project("{FAE04EC0-301F-11D3-BF4B-00C04F79EFBC}") = "Management.Websites.Test", "Management.WebSites.Test\Management.Websites.Test.csproj", "{2739A2EB-3D61-4CC2-987A-BB0A76F64AEF}"
EndProject
Project("{FAE04EC0-301F-11D3-BF4B-00C04F79EFBC}") = "Management.CloudService", "Management.CloudService\Management.CloudService.csproj", "{B6F73AB3-1207-4B52-B90A-065CD5E107EB}"
	ProjectSection(ProjectDependencies) = postProject
		{C8D37385-6D1B-493A-9EEC-88A9FFEB47F6} = {C8D37385-6D1B-493A-9EEC-88A9FFEB47F6}
	EndProjectSection
EndProject
Project("{FAE04EC0-301F-11D3-BF4B-00C04F79EFBC}") = "ServiceManagement", "ServiceManagement\ServiceManagement.csproj", "{559A16C7-B11C-4AA6-8C16-8ADECA6ABED7}"
EndProject
Project("{FAE04EC0-301F-11D3-BF4B-00C04F79EFBC}") = "ServiceManagement.Additions", "ServiceManagement.Additions\ServiceManagement.Additions.csproj", "{DA1432AF-D6B5-47A1-8B74-CCD740683E0F}"
EndProject
Project("{FAE04EC0-301F-11D3-BF4B-00C04F79EFBC}") = "Management.ServiceBus", "Management.ServiceBus\Management.ServiceBus.csproj", "{8BBE3C78-69C6-42FE-B1FE-B3AA24771ECE}"
EndProject
Project("{FAE04EC0-301F-11D3-BF4B-00C04F79EFBC}") = "Management.ServiceBus.Test", "Management.ServiceBus.Test\Management.ServiceBus.Test.csproj", "{16098AC2-5C1D-4D3C-B499-80A61D1AB7E2}"
EndProject
Project("{FAE04EC0-301F-11D3-BF4B-00C04F79EFBC}") = "Management.ScenarioTest", "Management.ScenarioTest\Management.ScenarioTest.csproj", "{A3965B66-5A3E-4B8C-9574-28E5958D4828}"
	ProjectSection(ProjectDependencies) = postProject
		{CD5AA507-F5EF-473D-855B-84B91A1ABE54} = {CD5AA507-F5EF-473D-855B-84B91A1ABE54}
		{DDF5D225-C9C5-42B7-BDB5-2C3646E479AA} = {DDF5D225-C9C5-42B7-BDB5-2C3646E479AA}
		{8BBE3C78-69C6-42FE-B1FE-B3AA24771ECE} = {8BBE3C78-69C6-42FE-B1FE-B3AA24771ECE}
		{C8D37385-6D1B-493A-9EEC-88A9FFEB47F6} = {C8D37385-6D1B-493A-9EEC-88A9FFEB47F6}
		{B6F73AB3-1207-4B52-B90A-065CD5E107EB} = {B6F73AB3-1207-4B52-B90A-065CD5E107EB}
	EndProjectSection
EndProject
Project("{FAE04EC0-301F-11D3-BF4B-00C04F79EFBC}") = "Management.Store", "Management.Store\Management.Store.csproj", "{2AC37C6A-41DE-4341-88A4-A79F209BBA83}"
EndProject
Project("{FAE04EC0-301F-11D3-BF4B-00C04F79EFBC}") = "Management.Store.Test", "Management.Store.Test\Management.Store.Test.csproj", "{3958B2D7-74CF-44D5-99BA-CF280782F380}"
EndProject
Global
	GlobalSection(TestCaseManagementSettings) = postSolution
		CategoryFile = WindowsAzurePowershell.vsmdi
	EndGlobalSection
	GlobalSection(SolutionConfigurationPlatforms) = preSolution
		Debug|Any CPU = Debug|Any CPU
		Debug|x64 = Debug|x64
		DebugVS|Any CPU = DebugVS|Any CPU
		DebugVS|x64 = DebugVS|x64
		Release|Any CPU = Release|Any CPU
		Release|x64 = Release|x64
		ReleaseSigned|Any CPU = ReleaseSigned|Any CPU
		ReleaseSigned|x64 = ReleaseSigned|x64
	EndGlobalSection
	GlobalSection(ProjectConfigurationPlatforms) = postSolution
		{CD5AA507-F5EF-473D-855B-84B91A1ABE54}.Debug|Any CPU.ActiveCfg = Debug|Any CPU
		{CD5AA507-F5EF-473D-855B-84B91A1ABE54}.Debug|Any CPU.Build.0 = Debug|Any CPU
		{CD5AA507-F5EF-473D-855B-84B91A1ABE54}.Debug|x64.ActiveCfg = Debug|x64
		{CD5AA507-F5EF-473D-855B-84B91A1ABE54}.Debug|x64.Build.0 = Debug|x64
		{CD5AA507-F5EF-473D-855B-84B91A1ABE54}.DebugVS|Any CPU.ActiveCfg = Debug|Any CPU
		{CD5AA507-F5EF-473D-855B-84B91A1ABE54}.DebugVS|Any CPU.Build.0 = Debug|Any CPU
		{CD5AA507-F5EF-473D-855B-84B91A1ABE54}.DebugVS|x64.ActiveCfg = Debug|x64
		{CD5AA507-F5EF-473D-855B-84B91A1ABE54}.DebugVS|x64.Build.0 = Debug|x64
		{CD5AA507-F5EF-473D-855B-84B91A1ABE54}.Release|Any CPU.ActiveCfg = Release|Any CPU
		{CD5AA507-F5EF-473D-855B-84B91A1ABE54}.Release|Any CPU.Build.0 = Release|Any CPU
		{CD5AA507-F5EF-473D-855B-84B91A1ABE54}.Release|x64.ActiveCfg = Release|x64
		{CD5AA507-F5EF-473D-855B-84B91A1ABE54}.Release|x64.Build.0 = Release|x64
		{CD5AA507-F5EF-473D-855B-84B91A1ABE54}.ReleaseSigned|Any CPU.ActiveCfg = ReleaseSigned|Any CPU
		{CD5AA507-F5EF-473D-855B-84B91A1ABE54}.ReleaseSigned|Any CPU.Build.0 = ReleaseSigned|Any CPU
		{CD5AA507-F5EF-473D-855B-84B91A1ABE54}.ReleaseSigned|x64.ActiveCfg = ReleaseSigned|x64
		{CD5AA507-F5EF-473D-855B-84B91A1ABE54}.ReleaseSigned|x64.Build.0 = ReleaseSigned|x64
		{B7FD03F6-98BC-4F54-9A14-0455E579FCD4}.Debug|Any CPU.ActiveCfg = Debug|Any CPU
		{B7FD03F6-98BC-4F54-9A14-0455E579FCD4}.Debug|Any CPU.Build.0 = Debug|Any CPU
		{B7FD03F6-98BC-4F54-9A14-0455E579FCD4}.Debug|x64.ActiveCfg = Debug|x64
		{B7FD03F6-98BC-4F54-9A14-0455E579FCD4}.Debug|x64.Build.0 = Debug|x64
		{B7FD03F6-98BC-4F54-9A14-0455E579FCD4}.DebugVS|Any CPU.ActiveCfg = Debug|Any CPU
		{B7FD03F6-98BC-4F54-9A14-0455E579FCD4}.DebugVS|Any CPU.Build.0 = Debug|Any CPU
		{B7FD03F6-98BC-4F54-9A14-0455E579FCD4}.DebugVS|x64.ActiveCfg = Debug|x64
		{B7FD03F6-98BC-4F54-9A14-0455E579FCD4}.DebugVS|x64.Build.0 = Debug|x64
		{B7FD03F6-98BC-4F54-9A14-0455E579FCD4}.Release|Any CPU.ActiveCfg = Release|Any CPU
		{B7FD03F6-98BC-4F54-9A14-0455E579FCD4}.Release|Any CPU.Build.0 = Release|Any CPU
		{B7FD03F6-98BC-4F54-9A14-0455E579FCD4}.Release|x64.ActiveCfg = Release|x64
		{B7FD03F6-98BC-4F54-9A14-0455E579FCD4}.Release|x64.Build.0 = Release|x64
		{B7FD03F6-98BC-4F54-9A14-0455E579FCD4}.ReleaseSigned|Any CPU.ActiveCfg = ReleaseSigned|Any CPU
		{B7FD03F6-98BC-4F54-9A14-0455E579FCD4}.ReleaseSigned|Any CPU.Build.0 = ReleaseSigned|Any CPU
		{B7FD03F6-98BC-4F54-9A14-0455E579FCD4}.ReleaseSigned|x64.ActiveCfg = ReleaseSigned|x64
		{B7FD03F6-98BC-4F54-9A14-0455E579FCD4}.ReleaseSigned|x64.Build.0 = ReleaseSigned|x64
		{C7C619E8-BB9B-43B6-9592-EC7F4ED3B55C}.Debug|Any CPU.ActiveCfg = Debug|Any CPU
		{C7C619E8-BB9B-43B6-9592-EC7F4ED3B55C}.Debug|Any CPU.Build.0 = Debug|Any CPU
		{C7C619E8-BB9B-43B6-9592-EC7F4ED3B55C}.Debug|x64.ActiveCfg = Debug|x64
		{C7C619E8-BB9B-43B6-9592-EC7F4ED3B55C}.Debug|x64.Build.0 = Debug|x64
		{C7C619E8-BB9B-43B6-9592-EC7F4ED3B55C}.DebugVS|Any CPU.ActiveCfg = Debug|Any CPU
		{C7C619E8-BB9B-43B6-9592-EC7F4ED3B55C}.DebugVS|Any CPU.Build.0 = Debug|Any CPU
		{C7C619E8-BB9B-43B6-9592-EC7F4ED3B55C}.DebugVS|x64.ActiveCfg = Debug|x64
		{C7C619E8-BB9B-43B6-9592-EC7F4ED3B55C}.DebugVS|x64.Build.0 = Debug|x64
		{C7C619E8-BB9B-43B6-9592-EC7F4ED3B55C}.Release|Any CPU.ActiveCfg = Release|Any CPU
		{C7C619E8-BB9B-43B6-9592-EC7F4ED3B55C}.Release|Any CPU.Build.0 = Release|Any CPU
		{C7C619E8-BB9B-43B6-9592-EC7F4ED3B55C}.Release|x64.ActiveCfg = Release|x64
		{C7C619E8-BB9B-43B6-9592-EC7F4ED3B55C}.Release|x64.Build.0 = Release|x64
		{C7C619E8-BB9B-43B6-9592-EC7F4ED3B55C}.ReleaseSigned|Any CPU.ActiveCfg = ReleaseSigned|Any CPU
		{C7C619E8-BB9B-43B6-9592-EC7F4ED3B55C}.ReleaseSigned|Any CPU.Build.0 = ReleaseSigned|Any CPU
		{C7C619E8-BB9B-43B6-9592-EC7F4ED3B55C}.ReleaseSigned|x64.ActiveCfg = ReleaseSigned|x64
		{C7C619E8-BB9B-43B6-9592-EC7F4ED3B55C}.ReleaseSigned|x64.Build.0 = ReleaseSigned|x64
		{DDF5D225-C9C5-42B7-BDB5-2C3646E479AA}.Debug|Any CPU.ActiveCfg = Debug|Any CPU
		{DDF5D225-C9C5-42B7-BDB5-2C3646E479AA}.Debug|Any CPU.Build.0 = Debug|Any CPU
		{DDF5D225-C9C5-42B7-BDB5-2C3646E479AA}.Debug|x64.ActiveCfg = Debug|x64
		{DDF5D225-C9C5-42B7-BDB5-2C3646E479AA}.Debug|x64.Build.0 = Debug|x64
		{DDF5D225-C9C5-42B7-BDB5-2C3646E479AA}.DebugVS|Any CPU.ActiveCfg = Debug|Any CPU
		{DDF5D225-C9C5-42B7-BDB5-2C3646E479AA}.DebugVS|Any CPU.Build.0 = Debug|Any CPU
		{DDF5D225-C9C5-42B7-BDB5-2C3646E479AA}.DebugVS|x64.ActiveCfg = Debug|x64
		{DDF5D225-C9C5-42B7-BDB5-2C3646E479AA}.DebugVS|x64.Build.0 = Debug|x64
		{DDF5D225-C9C5-42B7-BDB5-2C3646E479AA}.Release|Any CPU.ActiveCfg = Release|Any CPU
		{DDF5D225-C9C5-42B7-BDB5-2C3646E479AA}.Release|Any CPU.Build.0 = Release|Any CPU
		{DDF5D225-C9C5-42B7-BDB5-2C3646E479AA}.Release|x64.ActiveCfg = Release|x64
		{DDF5D225-C9C5-42B7-BDB5-2C3646E479AA}.Release|x64.Build.0 = Release|x64
		{DDF5D225-C9C5-42B7-BDB5-2C3646E479AA}.ReleaseSigned|Any CPU.ActiveCfg = ReleaseSigned|Any CPU
		{DDF5D225-C9C5-42B7-BDB5-2C3646E479AA}.ReleaseSigned|Any CPU.Build.0 = ReleaseSigned|Any CPU
		{DDF5D225-C9C5-42B7-BDB5-2C3646E479AA}.ReleaseSigned|x64.ActiveCfg = ReleaseSigned|x64
		{DDF5D225-C9C5-42B7-BDB5-2C3646E479AA}.ReleaseSigned|x64.Build.0 = ReleaseSigned|x64
		{37455286-D8A7-4E0C-8B4D-C517D20C641A}.Debug|Any CPU.ActiveCfg = Debug|Any CPU
		{37455286-D8A7-4E0C-8B4D-C517D20C641A}.Debug|Any CPU.Build.0 = Debug|Any CPU
		{37455286-D8A7-4E0C-8B4D-C517D20C641A}.Debug|x64.ActiveCfg = Debug|x64
		{37455286-D8A7-4E0C-8B4D-C517D20C641A}.Debug|x64.Build.0 = Debug|x64
		{37455286-D8A7-4E0C-8B4D-C517D20C641A}.DebugVS|Any CPU.ActiveCfg = Debug|Any CPU
		{37455286-D8A7-4E0C-8B4D-C517D20C641A}.DebugVS|Any CPU.Build.0 = Debug|Any CPU
		{37455286-D8A7-4E0C-8B4D-C517D20C641A}.DebugVS|x64.ActiveCfg = Debug|x64
		{37455286-D8A7-4E0C-8B4D-C517D20C641A}.DebugVS|x64.Build.0 = Debug|x64
		{37455286-D8A7-4E0C-8B4D-C517D20C641A}.Release|Any CPU.ActiveCfg = Release|Any CPU
		{37455286-D8A7-4E0C-8B4D-C517D20C641A}.Release|Any CPU.Build.0 = Release|Any CPU
		{37455286-D8A7-4E0C-8B4D-C517D20C641A}.Release|x64.ActiveCfg = Release|x64
		{37455286-D8A7-4E0C-8B4D-C517D20C641A}.Release|x64.Build.0 = Release|x64
		{37455286-D8A7-4E0C-8B4D-C517D20C641A}.ReleaseSigned|Any CPU.ActiveCfg = ReleaseSigned|Any CPU
		{37455286-D8A7-4E0C-8B4D-C517D20C641A}.ReleaseSigned|Any CPU.Build.0 = ReleaseSigned|Any CPU
		{37455286-D8A7-4E0C-8B4D-C517D20C641A}.ReleaseSigned|x64.ActiveCfg = ReleaseSigned|x64
		{37455286-D8A7-4E0C-8B4D-C517D20C641A}.ReleaseSigned|x64.Build.0 = ReleaseSigned|x64
		{C8D37385-6D1B-493A-9EEC-88A9FFEB47F6}.Debug|Any CPU.ActiveCfg = Debug|Any CPU
		{C8D37385-6D1B-493A-9EEC-88A9FFEB47F6}.Debug|Any CPU.Build.0 = Debug|Any CPU
		{C8D37385-6D1B-493A-9EEC-88A9FFEB47F6}.Debug|x64.ActiveCfg = Debug|x64
		{C8D37385-6D1B-493A-9EEC-88A9FFEB47F6}.Debug|x64.Build.0 = Debug|x64
		{C8D37385-6D1B-493A-9EEC-88A9FFEB47F6}.DebugVS|Any CPU.ActiveCfg = Debug|Any CPU
		{C8D37385-6D1B-493A-9EEC-88A9FFEB47F6}.DebugVS|Any CPU.Build.0 = Debug|Any CPU
		{C8D37385-6D1B-493A-9EEC-88A9FFEB47F6}.DebugVS|x64.ActiveCfg = Debug|x64
		{C8D37385-6D1B-493A-9EEC-88A9FFEB47F6}.DebugVS|x64.Build.0 = Debug|x64
		{C8D37385-6D1B-493A-9EEC-88A9FFEB47F6}.Release|Any CPU.ActiveCfg = Release|Any CPU
		{C8D37385-6D1B-493A-9EEC-88A9FFEB47F6}.Release|Any CPU.Build.0 = Release|Any CPU
		{C8D37385-6D1B-493A-9EEC-88A9FFEB47F6}.Release|x64.ActiveCfg = Release|x64
		{C8D37385-6D1B-493A-9EEC-88A9FFEB47F6}.Release|x64.Build.0 = Release|x64
		{C8D37385-6D1B-493A-9EEC-88A9FFEB47F6}.ReleaseSigned|Any CPU.ActiveCfg = ReleaseSigned|Any CPU
		{C8D37385-6D1B-493A-9EEC-88A9FFEB47F6}.ReleaseSigned|Any CPU.Build.0 = ReleaseSigned|Any CPU
		{C8D37385-6D1B-493A-9EEC-88A9FFEB47F6}.ReleaseSigned|x64.ActiveCfg = ReleaseSigned|x64
		{C8D37385-6D1B-493A-9EEC-88A9FFEB47F6}.ReleaseSigned|x64.Build.0 = ReleaseSigned|x64
		{2739A2EB-3D61-4CC2-987A-BB0A76F64AEF}.Debug|Any CPU.ActiveCfg = Debug|Any CPU
		{2739A2EB-3D61-4CC2-987A-BB0A76F64AEF}.Debug|Any CPU.Build.0 = Debug|Any CPU
		{2739A2EB-3D61-4CC2-987A-BB0A76F64AEF}.Debug|x64.ActiveCfg = Debug|x64
		{2739A2EB-3D61-4CC2-987A-BB0A76F64AEF}.Debug|x64.Build.0 = Debug|x64
		{2739A2EB-3D61-4CC2-987A-BB0A76F64AEF}.DebugVS|Any CPU.ActiveCfg = Debug|Any CPU
		{2739A2EB-3D61-4CC2-987A-BB0A76F64AEF}.DebugVS|Any CPU.Build.0 = Debug|Any CPU
		{2739A2EB-3D61-4CC2-987A-BB0A76F64AEF}.DebugVS|x64.ActiveCfg = Debug|x64
		{2739A2EB-3D61-4CC2-987A-BB0A76F64AEF}.DebugVS|x64.Build.0 = Debug|x64
		{2739A2EB-3D61-4CC2-987A-BB0A76F64AEF}.Release|Any CPU.ActiveCfg = Release|Any CPU
		{2739A2EB-3D61-4CC2-987A-BB0A76F64AEF}.Release|Any CPU.Build.0 = Release|Any CPU
		{2739A2EB-3D61-4CC2-987A-BB0A76F64AEF}.Release|x64.ActiveCfg = Release|x64
		{2739A2EB-3D61-4CC2-987A-BB0A76F64AEF}.Release|x64.Build.0 = Release|x64
		{2739A2EB-3D61-4CC2-987A-BB0A76F64AEF}.ReleaseSigned|Any CPU.ActiveCfg = ReleaseSigned|Any CPU
		{2739A2EB-3D61-4CC2-987A-BB0A76F64AEF}.ReleaseSigned|Any CPU.Build.0 = ReleaseSigned|Any CPU
		{2739A2EB-3D61-4CC2-987A-BB0A76F64AEF}.ReleaseSigned|x64.ActiveCfg = ReleaseSigned|x64
		{2739A2EB-3D61-4CC2-987A-BB0A76F64AEF}.ReleaseSigned|x64.Build.0 = ReleaseSigned|x64
		{B6F73AB3-1207-4B52-B90A-065CD5E107EB}.Debug|Any CPU.ActiveCfg = Debug|Any CPU
		{B6F73AB3-1207-4B52-B90A-065CD5E107EB}.Debug|Any CPU.Build.0 = Debug|Any CPU
		{B6F73AB3-1207-4B52-B90A-065CD5E107EB}.Debug|x64.ActiveCfg = Debug|x64
		{B6F73AB3-1207-4B52-B90A-065CD5E107EB}.Debug|x64.Build.0 = Debug|x64
		{B6F73AB3-1207-4B52-B90A-065CD5E107EB}.DebugVS|Any CPU.ActiveCfg = Debug|Any CPU
		{B6F73AB3-1207-4B52-B90A-065CD5E107EB}.DebugVS|Any CPU.Build.0 = Debug|Any CPU
		{B6F73AB3-1207-4B52-B90A-065CD5E107EB}.DebugVS|x64.ActiveCfg = Debug|x64
		{B6F73AB3-1207-4B52-B90A-065CD5E107EB}.DebugVS|x64.Build.0 = Debug|x64
		{B6F73AB3-1207-4B52-B90A-065CD5E107EB}.Release|Any CPU.ActiveCfg = Release|Any CPU
		{B6F73AB3-1207-4B52-B90A-065CD5E107EB}.Release|Any CPU.Build.0 = Release|Any CPU
		{B6F73AB3-1207-4B52-B90A-065CD5E107EB}.Release|x64.ActiveCfg = Release|x64
		{B6F73AB3-1207-4B52-B90A-065CD5E107EB}.Release|x64.Build.0 = Release|x64
		{B6F73AB3-1207-4B52-B90A-065CD5E107EB}.ReleaseSigned|Any CPU.ActiveCfg = ReleaseSigned|Any CPU
		{B6F73AB3-1207-4B52-B90A-065CD5E107EB}.ReleaseSigned|Any CPU.Build.0 = ReleaseSigned|Any CPU
		{B6F73AB3-1207-4B52-B90A-065CD5E107EB}.ReleaseSigned|x64.ActiveCfg = ReleaseSigned|x64
		{B6F73AB3-1207-4B52-B90A-065CD5E107EB}.ReleaseSigned|x64.Build.0 = ReleaseSigned|x64
		{559A16C7-B11C-4AA6-8C16-8ADECA6ABED7}.Debug|Any CPU.ActiveCfg = Debug|Any CPU
		{559A16C7-B11C-4AA6-8C16-8ADECA6ABED7}.Debug|Any CPU.Build.0 = Debug|Any CPU
		{559A16C7-B11C-4AA6-8C16-8ADECA6ABED7}.Debug|x64.ActiveCfg = Debug|x64
		{559A16C7-B11C-4AA6-8C16-8ADECA6ABED7}.Debug|x64.Build.0 = Debug|x64
		{559A16C7-B11C-4AA6-8C16-8ADECA6ABED7}.DebugVS|Any CPU.ActiveCfg = Debug|Any CPU
		{559A16C7-B11C-4AA6-8C16-8ADECA6ABED7}.DebugVS|Any CPU.Build.0 = Debug|Any CPU
		{559A16C7-B11C-4AA6-8C16-8ADECA6ABED7}.DebugVS|x64.ActiveCfg = Debug|x64
		{559A16C7-B11C-4AA6-8C16-8ADECA6ABED7}.DebugVS|x64.Build.0 = Debug|x64
		{559A16C7-B11C-4AA6-8C16-8ADECA6ABED7}.Release|Any CPU.ActiveCfg = Release|Any CPU
		{559A16C7-B11C-4AA6-8C16-8ADECA6ABED7}.Release|Any CPU.Build.0 = Release|Any CPU
		{559A16C7-B11C-4AA6-8C16-8ADECA6ABED7}.Release|x64.ActiveCfg = Release|x64
		{559A16C7-B11C-4AA6-8C16-8ADECA6ABED7}.Release|x64.Build.0 = Release|x64
		{559A16C7-B11C-4AA6-8C16-8ADECA6ABED7}.ReleaseSigned|Any CPU.ActiveCfg = ReleaseSigned|Any CPU
		{559A16C7-B11C-4AA6-8C16-8ADECA6ABED7}.ReleaseSigned|Any CPU.Build.0 = ReleaseSigned|Any CPU
		{559A16C7-B11C-4AA6-8C16-8ADECA6ABED7}.ReleaseSigned|x64.ActiveCfg = ReleaseSigned|x64
		{559A16C7-B11C-4AA6-8C16-8ADECA6ABED7}.ReleaseSigned|x64.Build.0 = ReleaseSigned|x64
		{DA1432AF-D6B5-47A1-8B74-CCD740683E0F}.Debug|Any CPU.ActiveCfg = Debug|Any CPU
		{DA1432AF-D6B5-47A1-8B74-CCD740683E0F}.Debug|Any CPU.Build.0 = Debug|Any CPU
		{DA1432AF-D6B5-47A1-8B74-CCD740683E0F}.Debug|x64.ActiveCfg = Debug|x64
		{DA1432AF-D6B5-47A1-8B74-CCD740683E0F}.Debug|x64.Build.0 = Debug|x64
		{DA1432AF-D6B5-47A1-8B74-CCD740683E0F}.DebugVS|Any CPU.ActiveCfg = Debug|Any CPU
		{DA1432AF-D6B5-47A1-8B74-CCD740683E0F}.DebugVS|Any CPU.Build.0 = Debug|Any CPU
		{DA1432AF-D6B5-47A1-8B74-CCD740683E0F}.DebugVS|x64.ActiveCfg = Debug|x64
		{DA1432AF-D6B5-47A1-8B74-CCD740683E0F}.DebugVS|x64.Build.0 = Debug|x64
		{DA1432AF-D6B5-47A1-8B74-CCD740683E0F}.Release|Any CPU.ActiveCfg = Release|Any CPU
		{DA1432AF-D6B5-47A1-8B74-CCD740683E0F}.Release|Any CPU.Build.0 = Release|Any CPU
		{DA1432AF-D6B5-47A1-8B74-CCD740683E0F}.Release|x64.ActiveCfg = Release|x64
		{DA1432AF-D6B5-47A1-8B74-CCD740683E0F}.Release|x64.Build.0 = Release|x64
		{DA1432AF-D6B5-47A1-8B74-CCD740683E0F}.ReleaseSigned|Any CPU.ActiveCfg = ReleaseSigned|Any CPU
		{DA1432AF-D6B5-47A1-8B74-CCD740683E0F}.ReleaseSigned|Any CPU.Build.0 = ReleaseSigned|Any CPU
		{DA1432AF-D6B5-47A1-8B74-CCD740683E0F}.ReleaseSigned|x64.ActiveCfg = ReleaseSigned|x64
		{DA1432AF-D6B5-47A1-8B74-CCD740683E0F}.ReleaseSigned|x64.Build.0 = ReleaseSigned|x64
		{8BBE3C78-69C6-42FE-B1FE-B3AA24771ECE}.Debug|Any CPU.ActiveCfg = Debug|Any CPU
		{8BBE3C78-69C6-42FE-B1FE-B3AA24771ECE}.Debug|Any CPU.Build.0 = Debug|Any CPU
		{8BBE3C78-69C6-42FE-B1FE-B3AA24771ECE}.Debug|x64.ActiveCfg = Debug|x64
		{8BBE3C78-69C6-42FE-B1FE-B3AA24771ECE}.Debug|x64.Build.0 = Debug|x64
		{8BBE3C78-69C6-42FE-B1FE-B3AA24771ECE}.DebugVS|Any CPU.ActiveCfg = Debug|Any CPU
		{8BBE3C78-69C6-42FE-B1FE-B3AA24771ECE}.DebugVS|Any CPU.Build.0 = Debug|Any CPU
		{8BBE3C78-69C6-42FE-B1FE-B3AA24771ECE}.DebugVS|x64.ActiveCfg = Debug|x64
		{8BBE3C78-69C6-42FE-B1FE-B3AA24771ECE}.DebugVS|x64.Build.0 = Debug|x64
		{8BBE3C78-69C6-42FE-B1FE-B3AA24771ECE}.Release|Any CPU.ActiveCfg = Release|Any CPU
		{8BBE3C78-69C6-42FE-B1FE-B3AA24771ECE}.Release|Any CPU.Build.0 = Release|Any CPU
		{8BBE3C78-69C6-42FE-B1FE-B3AA24771ECE}.Release|x64.ActiveCfg = Release|x64
		{8BBE3C78-69C6-42FE-B1FE-B3AA24771ECE}.Release|x64.Build.0 = Release|x64
		{8BBE3C78-69C6-42FE-B1FE-B3AA24771ECE}.ReleaseSigned|Any CPU.ActiveCfg = ReleaseSigned|Any CPU
		{8BBE3C78-69C6-42FE-B1FE-B3AA24771ECE}.ReleaseSigned|Any CPU.Build.0 = ReleaseSigned|Any CPU
		{8BBE3C78-69C6-42FE-B1FE-B3AA24771ECE}.ReleaseSigned|x64.ActiveCfg = ReleaseSigned|x64
		{8BBE3C78-69C6-42FE-B1FE-B3AA24771ECE}.ReleaseSigned|x64.Build.0 = ReleaseSigned|x64
		{16098AC2-5C1D-4D3C-B499-80A61D1AB7E2}.Debug|Any CPU.ActiveCfg = Debug|Any CPU
		{16098AC2-5C1D-4D3C-B499-80A61D1AB7E2}.Debug|Any CPU.Build.0 = Debug|Any CPU
		{16098AC2-5C1D-4D3C-B499-80A61D1AB7E2}.Debug|x64.ActiveCfg = Debug|x64
		{16098AC2-5C1D-4D3C-B499-80A61D1AB7E2}.Debug|x64.Build.0 = Debug|x64
		{16098AC2-5C1D-4D3C-B499-80A61D1AB7E2}.DebugVS|Any CPU.ActiveCfg = Debug|Any CPU
		{16098AC2-5C1D-4D3C-B499-80A61D1AB7E2}.DebugVS|Any CPU.Build.0 = Debug|Any CPU
		{16098AC2-5C1D-4D3C-B499-80A61D1AB7E2}.DebugVS|x64.ActiveCfg = Debug|x64
		{16098AC2-5C1D-4D3C-B499-80A61D1AB7E2}.DebugVS|x64.Build.0 = Debug|x64
		{16098AC2-5C1D-4D3C-B499-80A61D1AB7E2}.Release|Any CPU.ActiveCfg = Release|Any CPU
		{16098AC2-5C1D-4D3C-B499-80A61D1AB7E2}.Release|Any CPU.Build.0 = Release|Any CPU
		{16098AC2-5C1D-4D3C-B499-80A61D1AB7E2}.Release|x64.ActiveCfg = Release|x64
		{16098AC2-5C1D-4D3C-B499-80A61D1AB7E2}.Release|x64.Build.0 = Release|x64
		{16098AC2-5C1D-4D3C-B499-80A61D1AB7E2}.ReleaseSigned|Any CPU.ActiveCfg = ReleaseSigned|Any CPU
		{16098AC2-5C1D-4D3C-B499-80A61D1AB7E2}.ReleaseSigned|Any CPU.Build.0 = ReleaseSigned|Any CPU
		{16098AC2-5C1D-4D3C-B499-80A61D1AB7E2}.ReleaseSigned|x64.ActiveCfg = ReleaseSigned|x64
		{16098AC2-5C1D-4D3C-B499-80A61D1AB7E2}.ReleaseSigned|x64.Build.0 = ReleaseSigned|x64
		{A3965B66-5A3E-4B8C-9574-28E5958D4828}.Debug|Any CPU.ActiveCfg = Debug|Any CPU
		{A3965B66-5A3E-4B8C-9574-28E5958D4828}.Debug|Any CPU.Build.0 = Debug|Any CPU
		{A3965B66-5A3E-4B8C-9574-28E5958D4828}.Debug|x64.ActiveCfg = Debug|x64
		{A3965B66-5A3E-4B8C-9574-28E5958D4828}.Debug|x64.Build.0 = Debug|x64
		{A3965B66-5A3E-4B8C-9574-28E5958D4828}.DebugVS|Any CPU.ActiveCfg = Debug|Any CPU
		{A3965B66-5A3E-4B8C-9574-28E5958D4828}.DebugVS|Any CPU.Build.0 = Debug|Any CPU
		{A3965B66-5A3E-4B8C-9574-28E5958D4828}.DebugVS|x64.ActiveCfg = Debug|x64
		{A3965B66-5A3E-4B8C-9574-28E5958D4828}.DebugVS|x64.Build.0 = Debug|x64
		{A3965B66-5A3E-4B8C-9574-28E5958D4828}.Release|Any CPU.ActiveCfg = Release|Any CPU
		{A3965B66-5A3E-4B8C-9574-28E5958D4828}.Release|Any CPU.Build.0 = Release|Any CPU
		{A3965B66-5A3E-4B8C-9574-28E5958D4828}.Release|x64.ActiveCfg = Release|x64
		{A3965B66-5A3E-4B8C-9574-28E5958D4828}.Release|x64.Build.0 = Release|x64
		{A3965B66-5A3E-4B8C-9574-28E5958D4828}.ReleaseSigned|Any CPU.ActiveCfg = ReleaseSigned|Any CPU
		{A3965B66-5A3E-4B8C-9574-28E5958D4828}.ReleaseSigned|Any CPU.Build.0 = ReleaseSigned|Any CPU
		{A3965B66-5A3E-4B8C-9574-28E5958D4828}.ReleaseSigned|x64.ActiveCfg = ReleaseSigned|x64
		{A3965B66-5A3E-4B8C-9574-28E5958D4828}.ReleaseSigned|x64.Build.0 = ReleaseSigned|x64
		{2AC37C6A-41DE-4341-88A4-A79F209BBA83}.Debug|Any CPU.ActiveCfg = Debug|Any CPU
		{2AC37C6A-41DE-4341-88A4-A79F209BBA83}.Debug|Any CPU.Build.0 = Debug|Any CPU
		{2AC37C6A-41DE-4341-88A4-A79F209BBA83}.Debug|x64.ActiveCfg = Debug|x64
		{2AC37C6A-41DE-4341-88A4-A79F209BBA83}.Debug|x64.Build.0 = Debug|x64
		{2AC37C6A-41DE-4341-88A4-A79F209BBA83}.DebugVS|Any CPU.ActiveCfg = Debug|x64
		{2AC37C6A-41DE-4341-88A4-A79F209BBA83}.DebugVS|x64.ActiveCfg = Debug|x64
		{2AC37C6A-41DE-4341-88A4-A79F209BBA83}.DebugVS|x64.Build.0 = Debug|x64
		{2AC37C6A-41DE-4341-88A4-A79F209BBA83}.Release|Any CPU.ActiveCfg = Release|Any CPU
		{2AC37C6A-41DE-4341-88A4-A79F209BBA83}.Release|Any CPU.Build.0 = Release|Any CPU
		{2AC37C6A-41DE-4341-88A4-A79F209BBA83}.Release|x64.ActiveCfg = Release|x64
		{2AC37C6A-41DE-4341-88A4-A79F209BBA83}.Release|x64.Build.0 = Release|x64
		{2AC37C6A-41DE-4341-88A4-A79F209BBA83}.ReleaseSigned|Any CPU.ActiveCfg = ReleaseSigned|Any CPU
		{2AC37C6A-41DE-4341-88A4-A79F209BBA83}.ReleaseSigned|Any CPU.Build.0 = ReleaseSigned|Any CPU
		{2AC37C6A-41DE-4341-88A4-A79F209BBA83}.ReleaseSigned|x64.ActiveCfg = ReleaseSigned|x64
		{2AC37C6A-41DE-4341-88A4-A79F209BBA83}.ReleaseSigned|x64.Build.0 = ReleaseSigned|x64
		{3958B2D7-74CF-44D5-99BA-CF280782F380}.Debug|Any CPU.ActiveCfg = Debug|Any CPU
		{3958B2D7-74CF-44D5-99BA-CF280782F380}.Debug|Any CPU.Build.0 = Debug|Any CPU
		{3958B2D7-74CF-44D5-99BA-CF280782F380}.Debug|x64.ActiveCfg = Debug|x64
		{3958B2D7-74CF-44D5-99BA-CF280782F380}.Debug|x64.Build.0 = Debug|x64
		{3958B2D7-74CF-44D5-99BA-CF280782F380}.DebugVS|Any CPU.ActiveCfg = Debug|x64
		{3958B2D7-74CF-44D5-99BA-CF280782F380}.DebugVS|x64.ActiveCfg = Debug|x64
		{3958B2D7-74CF-44D5-99BA-CF280782F380}.DebugVS|x64.Build.0 = Debug|x64
		{3958B2D7-74CF-44D5-99BA-CF280782F380}.Release|Any CPU.ActiveCfg = Release|Any CPU
		{3958B2D7-74CF-44D5-99BA-CF280782F380}.Release|Any CPU.Build.0 = Release|Any CPU
		{3958B2D7-74CF-44D5-99BA-CF280782F380}.Release|x64.ActiveCfg = Release|x64
		{3958B2D7-74CF-44D5-99BA-CF280782F380}.Release|x64.Build.0 = Release|x64
		{3958B2D7-74CF-44D5-99BA-CF280782F380}.ReleaseSigned|Any CPU.ActiveCfg = ReleaseSigned|Any CPU
		{3958B2D7-74CF-44D5-99BA-CF280782F380}.ReleaseSigned|Any CPU.Build.0 = ReleaseSigned|Any CPU
		{3958B2D7-74CF-44D5-99BA-CF280782F380}.ReleaseSigned|x64.ActiveCfg = ReleaseSigned|x64
		{3958B2D7-74CF-44D5-99BA-CF280782F380}.ReleaseSigned|x64.Build.0 = ReleaseSigned|x64
	EndGlobalSection
	GlobalSection(SolutionProperties) = preSolution
		HideSolutionNode = FALSE
	EndGlobalSection
EndGlobal
