
Microsoft Visual Studio Solution File, Format Version 12.00
# Visual Studio 2012
Project("{2150E333-8FDC-42A3-9474-1A3956D46DE8}") = "Solution Items", "Solution Items", "{8531411A-0137-4E27-9C5E-49E07C245048}"
	ProjectSection(SolutionItems) = preProject
		local.runsettings = local.runsettings
		Local.testsettings = Local.testsettings
	EndProjectSection
EndProject
Project("{FAE04EC0-301F-11D3-BF4B-00C04F79EFBC}") = "Management", "Management\Management.csproj", "{CD5AA507-F5EF-473D-855B-84B91A1ABE54}"
EndProject
Project("{FAE04EC0-301F-11D3-BF4B-00C04F79EFBC}") = "Management.Test", "Management.Test\Management.Test.csproj", "{B7FD03F6-98BC-4F54-9A14-0455E579FCD4}"
EndProject
Project("{FAE04EC0-301F-11D3-BF4B-00C04F79EFBC}") = "Management.CloudService.Test", "Management.CloudService.Test\Management.CloudService.Test.csproj", "{C7C619E8-BB9B-43B6-9592-EC7F4ED3B55C}"
EndProject
Project("{FAE04EC0-301F-11D3-BF4B-00C04F79EFBC}") = "Management.SqlDatabase", "Management.SqlDatabase\Management.SqlDatabase.csproj", "{DDF5D225-C9C5-42B7-BDB5-2C3646E479AA}"
EndProject
Project("{FAE04EC0-301F-11D3-BF4B-00C04F79EFBC}") = "Management.SqlDatabase.Test", "Management.SqlDatabase.Test\Management.SqlDatabase.Test.csproj", "{37455286-D8A7-4E0C-8B4D-C517D20C641A}"
EndProject
Project("{FAE04EC0-301F-11D3-BF4B-00C04F79EFBC}") = "Management.Websites", "Management.WebSites\Management.Websites.csproj", "{C8D37385-6D1B-493A-9EEC-88A9FFEB47F6}"
EndProject
Project("{FAE04EC0-301F-11D3-BF4B-00C04F79EFBC}") = "Management.Websites.Test", "Management.WebSites.Test\Management.Websites.Test.csproj", "{2739A2EB-3D61-4CC2-987A-BB0A76F64AEF}"
EndProject
Project("{FAE04EC0-301F-11D3-BF4B-00C04F79EFBC}") = "Management.CloudService", "Management.CloudService\Management.CloudService.csproj", "{B6F73AB3-1207-4B52-B90A-065CD5E107EB}"
	ProjectSection(ProjectDependencies) = postProject
		{C8D37385-6D1B-493A-9EEC-88A9FFEB47F6} = {C8D37385-6D1B-493A-9EEC-88A9FFEB47F6}
	EndProjectSection
EndProject
Project("{FAE04EC0-301F-11D3-BF4B-00C04F79EFBC}") = "ServiceManagement.Additions", "ServiceManagement.Additions\ServiceManagement.Additions.csproj", "{DA1432AF-D6B5-47A1-8B74-CCD740683E0F}"
EndProject
Project("{FAE04EC0-301F-11D3-BF4B-00C04F79EFBC}") = "Management.ServiceBus", "Management.ServiceBus\Management.ServiceBus.csproj", "{8BBE3C78-69C6-42FE-B1FE-B3AA24771ECE}"
EndProject
Project("{FAE04EC0-301F-11D3-BF4B-00C04F79EFBC}") = "Management.ServiceBus.Test", "Management.ServiceBus.Test\Management.ServiceBus.Test.csproj", "{16098AC2-5C1D-4D3C-B499-80A61D1AB7E2}"
EndProject
Project("{FAE04EC0-301F-11D3-BF4B-00C04F79EFBC}") = "Management.Storage", "Management.Storage\Management.Storage.csproj", "{08CF7DA7-0392-4A19-B79B-E1FF67CDB81A}"
EndProject
Project("{FAE04EC0-301F-11D3-BF4B-00C04F79EFBC}") = "Management.Storage.Test", "Management.Storage.Test\Management.Storage.Test.csproj", "{D6F470A6-7395-4B8B-9D29-44DF0EC8F624}"
EndProject
Project("{FAE04EC0-301F-11D3-BF4B-00C04F79EFBC}") = "Management.ScenarioTest", "Management.ScenarioTest\Management.ScenarioTest.csproj", "{A3965B66-5A3E-4B8C-9574-28E5958D4828}"
	ProjectSection(ProjectDependencies) = postProject
		{CD5AA507-F5EF-473D-855B-84B91A1ABE54} = {CD5AA507-F5EF-473D-855B-84B91A1ABE54}
		{DDF5D225-C9C5-42B7-BDB5-2C3646E479AA} = {DDF5D225-C9C5-42B7-BDB5-2C3646E479AA}
		{8BBE3C78-69C6-42FE-B1FE-B3AA24771ECE} = {8BBE3C78-69C6-42FE-B1FE-B3AA24771ECE}
		{C8D37385-6D1B-493A-9EEC-88A9FFEB47F6} = {C8D37385-6D1B-493A-9EEC-88A9FFEB47F6}
		{B6F73AB3-1207-4B52-B90A-065CD5E107EB} = {B6F73AB3-1207-4B52-B90A-065CD5E107EB}
	EndProjectSection
EndProject
Project("{FAE04EC0-301F-11D3-BF4B-00C04F79EFBC}") = "ConsoleAppUtils", "ConsoleAppUtils\ConsoleAppUtils.csproj", "{ED57ECAF-AD30-4C7A-99A6-8757A83B19F0}"
EndProject
Project("{FAE04EC0-301F-11D3-BF4B-00C04F79EFBC}") = "Management.ServiceManagement", "Management.ServiceManagement\Management.ServiceManagement.csproj", "{E1CA72BA-8374-45F6-904D-FD34ECDF5B6F}"
EndProject
Project("{FAE04EC0-301F-11D3-BF4B-00C04F79EFBC}") = "Management.ServiceManagement.Test", "Management.ServiceManagement.Test\Management.ServiceManagement.Test.csproj", "{58A78F29-8C0C-4A5E-893E-3953C0F29C8A}"
EndProject
Project("{FAE04EC0-301F-11D3-BF4B-00C04F79EFBC}") = "Sync", "Sync\Sync.csproj", "{73820CBC-F4EB-4C5E-B4F0-CC4A93FBF157}"
EndProject
Project("{FAE04EC0-301F-11D3-BF4B-00C04F79EFBC}") = "VhdManagement", "VhdManagement\VhdManagement.csproj", "{80496B7B-068A-4A1E-B0BB-4B1FFF3FA616}"
EndProject
Project("{FAE04EC0-301F-11D3-BF4B-00C04F79EFBC}") = "Management.Store", "Management.Store\Management.Store.csproj", "{2AC37C6A-41DE-4341-88A4-A79F209BBA83}"
EndProject
Project("{FAE04EC0-301F-11D3-BF4B-00C04F79EFBC}") = "Management.Store.Test", "Management.Store.Test\Management.Store.Test.csproj", "{3958B2D7-74CF-44D5-99BA-CF280782F380}"
EndProject
Project("{FAE04EC0-301F-11D3-BF4B-00C04F79EFBC}") = "Management.Storage.MsTestLib", "Management.Storage.MsTestLib\Management.Storage.MsTestLib.csproj", "{CE97967B-7479-43B9-9561-776232AC5D47}"
EndProject
Project("{FAE04EC0-301F-11D3-BF4B-00C04F79EFBC}") = "Management.Storage.StorageTestLib", "Management.Storage.StorageTestLib\Management.Storage.StorageTestLib.csproj", "{0A513849-2690-4D07-8DE7-0ACE39645D12}"
EndProject
Project("{FAE04EC0-301F-11D3-BF4B-00C04F79EFBC}") = "Management.Storage.ScenarioTest", "Management.Storage.ScenarioTest\Management.Storage.ScenarioTest.csproj", "{4BC0E3D3-6EDD-43AA-8F15-DCFED8ACC93D}"
EndProject
Global
	GlobalSection(SolutionConfigurationPlatforms) = preSolution
		Debug|Any CPU = Debug|Any CPU
		Debug|Mixed Platforms = Debug|Mixed Platforms
		Debug|x64 = Debug|x64
		Debug|x86 = Debug|x86
		DebugVS|Any CPU = DebugVS|Any CPU
		DebugVS|Mixed Platforms = DebugVS|Mixed Platforms
		DebugVS|x64 = DebugVS|x64
		DebugVS|x86 = DebugVS|x86
		Release|Any CPU = Release|Any CPU
		Release|Mixed Platforms = Release|Mixed Platforms
		Release|x64 = Release|x64
		Release|x86 = Release|x86
		ReleaseSigned|Any CPU = ReleaseSigned|Any CPU
		ReleaseSigned|Mixed Platforms = ReleaseSigned|Mixed Platforms
		ReleaseSigned|x64 = ReleaseSigned|x64
		ReleaseSigned|x86 = ReleaseSigned|x86
	EndGlobalSection
	GlobalSection(ProjectConfigurationPlatforms) = postSolution
		{CD5AA507-F5EF-473D-855B-84B91A1ABE54}.Debug|Any CPU.ActiveCfg = Debug|Any CPU
		{CD5AA507-F5EF-473D-855B-84B91A1ABE54}.Debug|Any CPU.Build.0 = Debug|Any CPU
		{CD5AA507-F5EF-473D-855B-84B91A1ABE54}.Debug|Mixed Platforms.ActiveCfg = Debug|Any CPU
		{CD5AA507-F5EF-473D-855B-84B91A1ABE54}.Debug|Mixed Platforms.Build.0 = Debug|Any CPU
		{CD5AA507-F5EF-473D-855B-84B91A1ABE54}.Debug|x64.ActiveCfg = Debug|x64
		{CD5AA507-F5EF-473D-855B-84B91A1ABE54}.Debug|x64.Build.0 = Debug|x64
		{CD5AA507-F5EF-473D-855B-84B91A1ABE54}.Debug|x86.ActiveCfg = Debug|x64
		{CD5AA507-F5EF-473D-855B-84B91A1ABE54}.DebugVS|Any CPU.ActiveCfg = Debug|Any CPU
		{CD5AA507-F5EF-473D-855B-84B91A1ABE54}.DebugVS|Any CPU.Build.0 = Debug|Any CPU
		{CD5AA507-F5EF-473D-855B-84B91A1ABE54}.DebugVS|Mixed Platforms.ActiveCfg = Debug|x64
		{CD5AA507-F5EF-473D-855B-84B91A1ABE54}.DebugVS|Mixed Platforms.Build.0 = Debug|x64
		{CD5AA507-F5EF-473D-855B-84B91A1ABE54}.DebugVS|x64.ActiveCfg = Debug|x64
		{CD5AA507-F5EF-473D-855B-84B91A1ABE54}.DebugVS|x64.Build.0 = Debug|x64
		{CD5AA507-F5EF-473D-855B-84B91A1ABE54}.DebugVS|x86.ActiveCfg = Debug|x64
		{CD5AA507-F5EF-473D-855B-84B91A1ABE54}.Release|Any CPU.ActiveCfg = Release|Any CPU
		{CD5AA507-F5EF-473D-855B-84B91A1ABE54}.Release|Any CPU.Build.0 = Release|Any CPU
		{CD5AA507-F5EF-473D-855B-84B91A1ABE54}.Release|Mixed Platforms.ActiveCfg = Release|x64
		{CD5AA507-F5EF-473D-855B-84B91A1ABE54}.Release|Mixed Platforms.Build.0 = Release|x64
		{CD5AA507-F5EF-473D-855B-84B91A1ABE54}.Release|x64.ActiveCfg = Release|x64
		{CD5AA507-F5EF-473D-855B-84B91A1ABE54}.Release|x64.Build.0 = Release|x64
		{CD5AA507-F5EF-473D-855B-84B91A1ABE54}.Release|x86.ActiveCfg = Release|x64
		{CD5AA507-F5EF-473D-855B-84B91A1ABE54}.ReleaseSigned|Any CPU.ActiveCfg = ReleaseSigned|Any CPU
		{CD5AA507-F5EF-473D-855B-84B91A1ABE54}.ReleaseSigned|Any CPU.Build.0 = ReleaseSigned|Any CPU
		{CD5AA507-F5EF-473D-855B-84B91A1ABE54}.ReleaseSigned|Mixed Platforms.ActiveCfg = ReleaseSigned|x64
		{CD5AA507-F5EF-473D-855B-84B91A1ABE54}.ReleaseSigned|Mixed Platforms.Build.0 = ReleaseSigned|x64
		{CD5AA507-F5EF-473D-855B-84B91A1ABE54}.ReleaseSigned|x64.ActiveCfg = ReleaseSigned|x64
		{CD5AA507-F5EF-473D-855B-84B91A1ABE54}.ReleaseSigned|x64.Build.0 = ReleaseSigned|x64
		{CD5AA507-F5EF-473D-855B-84B91A1ABE54}.ReleaseSigned|x86.ActiveCfg = ReleaseSigned|x64
		{B7FD03F6-98BC-4F54-9A14-0455E579FCD4}.Debug|Any CPU.ActiveCfg = Debug|Any CPU
		{B7FD03F6-98BC-4F54-9A14-0455E579FCD4}.Debug|Any CPU.Build.0 = Debug|Any CPU
		{B7FD03F6-98BC-4F54-9A14-0455E579FCD4}.Debug|Mixed Platforms.ActiveCfg = Debug|Any CPU
		{B7FD03F6-98BC-4F54-9A14-0455E579FCD4}.Debug|Mixed Platforms.Build.0 = Debug|Any CPU
		{B7FD03F6-98BC-4F54-9A14-0455E579FCD4}.Debug|x64.ActiveCfg = Debug|x64
		{B7FD03F6-98BC-4F54-9A14-0455E579FCD4}.Debug|x64.Build.0 = Debug|x64
		{B7FD03F6-98BC-4F54-9A14-0455E579FCD4}.Debug|x86.ActiveCfg = Debug|x64
		{B7FD03F6-98BC-4F54-9A14-0455E579FCD4}.DebugVS|Any CPU.ActiveCfg = Debug|Any CPU
		{B7FD03F6-98BC-4F54-9A14-0455E579FCD4}.DebugVS|Any CPU.Build.0 = Debug|Any CPU
		{B7FD03F6-98BC-4F54-9A14-0455E579FCD4}.DebugVS|Mixed Platforms.ActiveCfg = Debug|x64
		{B7FD03F6-98BC-4F54-9A14-0455E579FCD4}.DebugVS|Mixed Platforms.Build.0 = Debug|x64
		{B7FD03F6-98BC-4F54-9A14-0455E579FCD4}.DebugVS|x64.ActiveCfg = Debug|x64
		{B7FD03F6-98BC-4F54-9A14-0455E579FCD4}.DebugVS|x64.Build.0 = Debug|x64
		{B7FD03F6-98BC-4F54-9A14-0455E579FCD4}.DebugVS|x86.ActiveCfg = Debug|x64
		{B7FD03F6-98BC-4F54-9A14-0455E579FCD4}.Release|Any CPU.ActiveCfg = Release|Any CPU
		{B7FD03F6-98BC-4F54-9A14-0455E579FCD4}.Release|Any CPU.Build.0 = Release|Any CPU
		{B7FD03F6-98BC-4F54-9A14-0455E579FCD4}.Release|Mixed Platforms.ActiveCfg = Release|x64
		{B7FD03F6-98BC-4F54-9A14-0455E579FCD4}.Release|Mixed Platforms.Build.0 = Release|x64
		{B7FD03F6-98BC-4F54-9A14-0455E579FCD4}.Release|x64.ActiveCfg = Release|x64
		{B7FD03F6-98BC-4F54-9A14-0455E579FCD4}.Release|x86.ActiveCfg = Release|x64
		{B7FD03F6-98BC-4F54-9A14-0455E579FCD4}.ReleaseSigned|Any CPU.ActiveCfg = ReleaseSigned|Any CPU
		{B7FD03F6-98BC-4F54-9A14-0455E579FCD4}.ReleaseSigned|Any CPU.Build.0 = ReleaseSigned|Any CPU
		{B7FD03F6-98BC-4F54-9A14-0455E579FCD4}.ReleaseSigned|Mixed Platforms.ActiveCfg = ReleaseSigned|x64
		{B7FD03F6-98BC-4F54-9A14-0455E579FCD4}.ReleaseSigned|Mixed Platforms.Build.0 = ReleaseSigned|x64
		{B7FD03F6-98BC-4F54-9A14-0455E579FCD4}.ReleaseSigned|x64.ActiveCfg = ReleaseSigned|x64
		{B7FD03F6-98BC-4F54-9A14-0455E579FCD4}.ReleaseSigned|x64.Build.0 = ReleaseSigned|x64
		{B7FD03F6-98BC-4F54-9A14-0455E579FCD4}.ReleaseSigned|x86.ActiveCfg = ReleaseSigned|x64
		{C7C619E8-BB9B-43B6-9592-EC7F4ED3B55C}.Debug|Any CPU.ActiveCfg = Debug|Any CPU
		{C7C619E8-BB9B-43B6-9592-EC7F4ED3B55C}.Debug|Any CPU.Build.0 = Debug|Any CPU
		{C7C619E8-BB9B-43B6-9592-EC7F4ED3B55C}.Debug|Mixed Platforms.ActiveCfg = Debug|Any CPU
		{C7C619E8-BB9B-43B6-9592-EC7F4ED3B55C}.Debug|Mixed Platforms.Build.0 = Debug|Any CPU
		{C7C619E8-BB9B-43B6-9592-EC7F4ED3B55C}.Debug|x64.ActiveCfg = Debug|x64
		{C7C619E8-BB9B-43B6-9592-EC7F4ED3B55C}.Debug|x64.Build.0 = Debug|x64
		{C7C619E8-BB9B-43B6-9592-EC7F4ED3B55C}.Debug|x86.ActiveCfg = Debug|x64
		{C7C619E8-BB9B-43B6-9592-EC7F4ED3B55C}.DebugVS|Any CPU.ActiveCfg = Debug|Any CPU
		{C7C619E8-BB9B-43B6-9592-EC7F4ED3B55C}.DebugVS|Any CPU.Build.0 = Debug|Any CPU
		{C7C619E8-BB9B-43B6-9592-EC7F4ED3B55C}.DebugVS|Mixed Platforms.ActiveCfg = Debug|x64
		{C7C619E8-BB9B-43B6-9592-EC7F4ED3B55C}.DebugVS|Mixed Platforms.Build.0 = Debug|x64
		{C7C619E8-BB9B-43B6-9592-EC7F4ED3B55C}.DebugVS|x64.ActiveCfg = Debug|x64
		{C7C619E8-BB9B-43B6-9592-EC7F4ED3B55C}.DebugVS|x64.Build.0 = Debug|x64
		{C7C619E8-BB9B-43B6-9592-EC7F4ED3B55C}.DebugVS|x86.ActiveCfg = Debug|x64
		{C7C619E8-BB9B-43B6-9592-EC7F4ED3B55C}.Release|Any CPU.ActiveCfg = Release|Any CPU
		{C7C619E8-BB9B-43B6-9592-EC7F4ED3B55C}.Release|Any CPU.Build.0 = Release|Any CPU
		{C7C619E8-BB9B-43B6-9592-EC7F4ED3B55C}.Release|Mixed Platforms.ActiveCfg = Release|x64
		{C7C619E8-BB9B-43B6-9592-EC7F4ED3B55C}.Release|Mixed Platforms.Build.0 = Release|x64
		{C7C619E8-BB9B-43B6-9592-EC7F4ED3B55C}.Release|x64.ActiveCfg = Release|x64
		{C7C619E8-BB9B-43B6-9592-EC7F4ED3B55C}.Release|x64.Build.0 = Release|x64
		{C7C619E8-BB9B-43B6-9592-EC7F4ED3B55C}.Release|x86.ActiveCfg = Release|x64
		{C7C619E8-BB9B-43B6-9592-EC7F4ED3B55C}.ReleaseSigned|Any CPU.ActiveCfg = ReleaseSigned|Any CPU
		{C7C619E8-BB9B-43B6-9592-EC7F4ED3B55C}.ReleaseSigned|Any CPU.Build.0 = ReleaseSigned|Any CPU
		{C7C619E8-BB9B-43B6-9592-EC7F4ED3B55C}.ReleaseSigned|Mixed Platforms.ActiveCfg = ReleaseSigned|x64
		{C7C619E8-BB9B-43B6-9592-EC7F4ED3B55C}.ReleaseSigned|Mixed Platforms.Build.0 = ReleaseSigned|x64
		{C7C619E8-BB9B-43B6-9592-EC7F4ED3B55C}.ReleaseSigned|x64.ActiveCfg = ReleaseSigned|x64
		{C7C619E8-BB9B-43B6-9592-EC7F4ED3B55C}.ReleaseSigned|x64.Build.0 = ReleaseSigned|x64
		{C7C619E8-BB9B-43B6-9592-EC7F4ED3B55C}.ReleaseSigned|x86.ActiveCfg = ReleaseSigned|x64
		{DDF5D225-C9C5-42B7-BDB5-2C3646E479AA}.Debug|Any CPU.ActiveCfg = Debug|Any CPU
		{DDF5D225-C9C5-42B7-BDB5-2C3646E479AA}.Debug|Any CPU.Build.0 = Debug|Any CPU
		{DDF5D225-C9C5-42B7-BDB5-2C3646E479AA}.Debug|Mixed Platforms.ActiveCfg = Debug|Any CPU
		{DDF5D225-C9C5-42B7-BDB5-2C3646E479AA}.Debug|Mixed Platforms.Build.0 = Debug|Any CPU
		{DDF5D225-C9C5-42B7-BDB5-2C3646E479AA}.Debug|x64.ActiveCfg = Debug|x64
		{DDF5D225-C9C5-42B7-BDB5-2C3646E479AA}.Debug|x64.Build.0 = Debug|x64
		{DDF5D225-C9C5-42B7-BDB5-2C3646E479AA}.Debug|x86.ActiveCfg = Debug|x64
		{DDF5D225-C9C5-42B7-BDB5-2C3646E479AA}.DebugVS|Any CPU.ActiveCfg = Debug|Any CPU
		{DDF5D225-C9C5-42B7-BDB5-2C3646E479AA}.DebugVS|Any CPU.Build.0 = Debug|Any CPU
		{DDF5D225-C9C5-42B7-BDB5-2C3646E479AA}.DebugVS|Mixed Platforms.ActiveCfg = Debug|x64
		{DDF5D225-C9C5-42B7-BDB5-2C3646E479AA}.DebugVS|Mixed Platforms.Build.0 = Debug|x64
		{DDF5D225-C9C5-42B7-BDB5-2C3646E479AA}.DebugVS|x64.ActiveCfg = Debug|x64
		{DDF5D225-C9C5-42B7-BDB5-2C3646E479AA}.DebugVS|x64.Build.0 = Debug|x64
		{DDF5D225-C9C5-42B7-BDB5-2C3646E479AA}.DebugVS|x86.ActiveCfg = Debug|x64
		{DDF5D225-C9C5-42B7-BDB5-2C3646E479AA}.Release|Any CPU.ActiveCfg = Release|Any CPU
		{DDF5D225-C9C5-42B7-BDB5-2C3646E479AA}.Release|Any CPU.Build.0 = Release|Any CPU
		{DDF5D225-C9C5-42B7-BDB5-2C3646E479AA}.Release|Mixed Platforms.ActiveCfg = Release|x64
		{DDF5D225-C9C5-42B7-BDB5-2C3646E479AA}.Release|Mixed Platforms.Build.0 = Release|x64
		{DDF5D225-C9C5-42B7-BDB5-2C3646E479AA}.Release|x64.ActiveCfg = Release|x64
		{DDF5D225-C9C5-42B7-BDB5-2C3646E479AA}.Release|x64.Build.0 = Release|x64
		{DDF5D225-C9C5-42B7-BDB5-2C3646E479AA}.Release|x86.ActiveCfg = Release|x64
		{DDF5D225-C9C5-42B7-BDB5-2C3646E479AA}.ReleaseSigned|Any CPU.ActiveCfg = ReleaseSigned|Any CPU
		{DDF5D225-C9C5-42B7-BDB5-2C3646E479AA}.ReleaseSigned|Any CPU.Build.0 = ReleaseSigned|Any CPU
		{DDF5D225-C9C5-42B7-BDB5-2C3646E479AA}.ReleaseSigned|Mixed Platforms.ActiveCfg = ReleaseSigned|x64
		{DDF5D225-C9C5-42B7-BDB5-2C3646E479AA}.ReleaseSigned|Mixed Platforms.Build.0 = ReleaseSigned|x64
		{DDF5D225-C9C5-42B7-BDB5-2C3646E479AA}.ReleaseSigned|x64.ActiveCfg = ReleaseSigned|x64
		{DDF5D225-C9C5-42B7-BDB5-2C3646E479AA}.ReleaseSigned|x64.Build.0 = ReleaseSigned|x64
		{DDF5D225-C9C5-42B7-BDB5-2C3646E479AA}.ReleaseSigned|x86.ActiveCfg = ReleaseSigned|x64
		{37455286-D8A7-4E0C-8B4D-C517D20C641A}.Debug|Any CPU.ActiveCfg = Debug|Any CPU
		{37455286-D8A7-4E0C-8B4D-C517D20C641A}.Debug|Any CPU.Build.0 = Debug|Any CPU
		{37455286-D8A7-4E0C-8B4D-C517D20C641A}.Debug|Mixed Platforms.ActiveCfg = Debug|Any CPU
		{37455286-D8A7-4E0C-8B4D-C517D20C641A}.Debug|Mixed Platforms.Build.0 = Debug|Any CPU
		{37455286-D8A7-4E0C-8B4D-C517D20C641A}.Debug|x64.ActiveCfg = Debug|x64
		{37455286-D8A7-4E0C-8B4D-C517D20C641A}.Debug|x64.Build.0 = Debug|x64
		{37455286-D8A7-4E0C-8B4D-C517D20C641A}.Debug|x86.ActiveCfg = Debug|x64
		{37455286-D8A7-4E0C-8B4D-C517D20C641A}.DebugVS|Any CPU.ActiveCfg = Debug|Any CPU
		{37455286-D8A7-4E0C-8B4D-C517D20C641A}.DebugVS|Any CPU.Build.0 = Debug|Any CPU
		{37455286-D8A7-4E0C-8B4D-C517D20C641A}.DebugVS|Mixed Platforms.ActiveCfg = Debug|x64
		{37455286-D8A7-4E0C-8B4D-C517D20C641A}.DebugVS|Mixed Platforms.Build.0 = Debug|x64
		{37455286-D8A7-4E0C-8B4D-C517D20C641A}.DebugVS|x64.ActiveCfg = Debug|x64
		{37455286-D8A7-4E0C-8B4D-C517D20C641A}.DebugVS|x64.Build.0 = Debug|x64
		{37455286-D8A7-4E0C-8B4D-C517D20C641A}.DebugVS|x86.ActiveCfg = Debug|x64
		{37455286-D8A7-4E0C-8B4D-C517D20C641A}.Release|Any CPU.ActiveCfg = Release|Any CPU
		{37455286-D8A7-4E0C-8B4D-C517D20C641A}.Release|Any CPU.Build.0 = Release|Any CPU
		{37455286-D8A7-4E0C-8B4D-C517D20C641A}.Release|Mixed Platforms.ActiveCfg = Release|x64
		{37455286-D8A7-4E0C-8B4D-C517D20C641A}.Release|Mixed Platforms.Build.0 = Release|x64
		{37455286-D8A7-4E0C-8B4D-C517D20C641A}.Release|x64.ActiveCfg = Release|x64
		{37455286-D8A7-4E0C-8B4D-C517D20C641A}.Release|x64.Build.0 = Release|x64
		{37455286-D8A7-4E0C-8B4D-C517D20C641A}.Release|x86.ActiveCfg = Release|x64
		{37455286-D8A7-4E0C-8B4D-C517D20C641A}.ReleaseSigned|Any CPU.ActiveCfg = ReleaseSigned|Any CPU
		{37455286-D8A7-4E0C-8B4D-C517D20C641A}.ReleaseSigned|Any CPU.Build.0 = ReleaseSigned|Any CPU
		{37455286-D8A7-4E0C-8B4D-C517D20C641A}.ReleaseSigned|Mixed Platforms.ActiveCfg = ReleaseSigned|x64
		{37455286-D8A7-4E0C-8B4D-C517D20C641A}.ReleaseSigned|Mixed Platforms.Build.0 = ReleaseSigned|x64
		{37455286-D8A7-4E0C-8B4D-C517D20C641A}.ReleaseSigned|x64.ActiveCfg = ReleaseSigned|x64
		{37455286-D8A7-4E0C-8B4D-C517D20C641A}.ReleaseSigned|x64.Build.0 = ReleaseSigned|x64
		{37455286-D8A7-4E0C-8B4D-C517D20C641A}.ReleaseSigned|x86.ActiveCfg = ReleaseSigned|x64
		{C8D37385-6D1B-493A-9EEC-88A9FFEB47F6}.Debug|Any CPU.ActiveCfg = Debug|Any CPU
		{C8D37385-6D1B-493A-9EEC-88A9FFEB47F6}.Debug|Any CPU.Build.0 = Debug|Any CPU
		{C8D37385-6D1B-493A-9EEC-88A9FFEB47F6}.Debug|Mixed Platforms.ActiveCfg = Debug|Any CPU
		{C8D37385-6D1B-493A-9EEC-88A9FFEB47F6}.Debug|Mixed Platforms.Build.0 = Debug|Any CPU
		{C8D37385-6D1B-493A-9EEC-88A9FFEB47F6}.Debug|x64.ActiveCfg = Debug|x64
		{C8D37385-6D1B-493A-9EEC-88A9FFEB47F6}.Debug|x64.Build.0 = Debug|x64
		{C8D37385-6D1B-493A-9EEC-88A9FFEB47F6}.Debug|x86.ActiveCfg = Debug|x64
		{C8D37385-6D1B-493A-9EEC-88A9FFEB47F6}.DebugVS|Any CPU.ActiveCfg = Debug|Any CPU
		{C8D37385-6D1B-493A-9EEC-88A9FFEB47F6}.DebugVS|Any CPU.Build.0 = Debug|Any CPU
		{C8D37385-6D1B-493A-9EEC-88A9FFEB47F6}.DebugVS|Mixed Platforms.ActiveCfg = Debug|x64
		{C8D37385-6D1B-493A-9EEC-88A9FFEB47F6}.DebugVS|Mixed Platforms.Build.0 = Debug|x64
		{C8D37385-6D1B-493A-9EEC-88A9FFEB47F6}.DebugVS|x64.ActiveCfg = Debug|x64
		{C8D37385-6D1B-493A-9EEC-88A9FFEB47F6}.DebugVS|x64.Build.0 = Debug|x64
		{C8D37385-6D1B-493A-9EEC-88A9FFEB47F6}.DebugVS|x86.ActiveCfg = Debug|x64
		{C8D37385-6D1B-493A-9EEC-88A9FFEB47F6}.Release|Any CPU.ActiveCfg = Release|Any CPU
		{C8D37385-6D1B-493A-9EEC-88A9FFEB47F6}.Release|Any CPU.Build.0 = Release|Any CPU
		{C8D37385-6D1B-493A-9EEC-88A9FFEB47F6}.Release|Mixed Platforms.ActiveCfg = Release|x64
		{C8D37385-6D1B-493A-9EEC-88A9FFEB47F6}.Release|Mixed Platforms.Build.0 = Release|x64
		{C8D37385-6D1B-493A-9EEC-88A9FFEB47F6}.Release|x64.ActiveCfg = Release|x64
		{C8D37385-6D1B-493A-9EEC-88A9FFEB47F6}.Release|x64.Build.0 = Release|x64
		{C8D37385-6D1B-493A-9EEC-88A9FFEB47F6}.Release|x86.ActiveCfg = Release|x64
		{C8D37385-6D1B-493A-9EEC-88A9FFEB47F6}.ReleaseSigned|Any CPU.ActiveCfg = ReleaseSigned|Any CPU
		{C8D37385-6D1B-493A-9EEC-88A9FFEB47F6}.ReleaseSigned|Any CPU.Build.0 = ReleaseSigned|Any CPU
		{C8D37385-6D1B-493A-9EEC-88A9FFEB47F6}.ReleaseSigned|Mixed Platforms.ActiveCfg = ReleaseSigned|x64
		{C8D37385-6D1B-493A-9EEC-88A9FFEB47F6}.ReleaseSigned|Mixed Platforms.Build.0 = ReleaseSigned|x64
		{C8D37385-6D1B-493A-9EEC-88A9FFEB47F6}.ReleaseSigned|x64.ActiveCfg = ReleaseSigned|x64
		{C8D37385-6D1B-493A-9EEC-88A9FFEB47F6}.ReleaseSigned|x64.Build.0 = ReleaseSigned|x64
		{C8D37385-6D1B-493A-9EEC-88A9FFEB47F6}.ReleaseSigned|x86.ActiveCfg = ReleaseSigned|x64
		{2739A2EB-3D61-4CC2-987A-BB0A76F64AEF}.Debug|Any CPU.ActiveCfg = Debug|Any CPU
		{2739A2EB-3D61-4CC2-987A-BB0A76F64AEF}.Debug|Any CPU.Build.0 = Debug|Any CPU
		{2739A2EB-3D61-4CC2-987A-BB0A76F64AEF}.Debug|Mixed Platforms.ActiveCfg = Debug|Any CPU
		{2739A2EB-3D61-4CC2-987A-BB0A76F64AEF}.Debug|Mixed Platforms.Build.0 = Debug|Any CPU
		{2739A2EB-3D61-4CC2-987A-BB0A76F64AEF}.Debug|x64.ActiveCfg = Debug|x64
		{2739A2EB-3D61-4CC2-987A-BB0A76F64AEF}.Debug|x64.Build.0 = Debug|x64
		{2739A2EB-3D61-4CC2-987A-BB0A76F64AEF}.Debug|x86.ActiveCfg = Debug|x64
		{2739A2EB-3D61-4CC2-987A-BB0A76F64AEF}.DebugVS|Any CPU.ActiveCfg = Debug|Any CPU
		{2739A2EB-3D61-4CC2-987A-BB0A76F64AEF}.DebugVS|Any CPU.Build.0 = Debug|Any CPU
		{2739A2EB-3D61-4CC2-987A-BB0A76F64AEF}.DebugVS|Mixed Platforms.ActiveCfg = Debug|x64
		{2739A2EB-3D61-4CC2-987A-BB0A76F64AEF}.DebugVS|Mixed Platforms.Build.0 = Debug|x64
		{2739A2EB-3D61-4CC2-987A-BB0A76F64AEF}.DebugVS|x64.ActiveCfg = Debug|x64
		{2739A2EB-3D61-4CC2-987A-BB0A76F64AEF}.DebugVS|x64.Build.0 = Debug|x64
		{2739A2EB-3D61-4CC2-987A-BB0A76F64AEF}.DebugVS|x86.ActiveCfg = Debug|x64
		{2739A2EB-3D61-4CC2-987A-BB0A76F64AEF}.Release|Any CPU.ActiveCfg = Release|Any CPU
		{2739A2EB-3D61-4CC2-987A-BB0A76F64AEF}.Release|Any CPU.Build.0 = Release|Any CPU
		{2739A2EB-3D61-4CC2-987A-BB0A76F64AEF}.Release|Mixed Platforms.ActiveCfg = Release|x64
		{2739A2EB-3D61-4CC2-987A-BB0A76F64AEF}.Release|Mixed Platforms.Build.0 = Release|x64
		{2739A2EB-3D61-4CC2-987A-BB0A76F64AEF}.Release|x64.ActiveCfg = Release|x64
		{2739A2EB-3D61-4CC2-987A-BB0A76F64AEF}.Release|x64.Build.0 = Release|x64
		{2739A2EB-3D61-4CC2-987A-BB0A76F64AEF}.Release|x86.ActiveCfg = Release|x64
		{2739A2EB-3D61-4CC2-987A-BB0A76F64AEF}.ReleaseSigned|Any CPU.ActiveCfg = ReleaseSigned|Any CPU
		{2739A2EB-3D61-4CC2-987A-BB0A76F64AEF}.ReleaseSigned|Any CPU.Build.0 = ReleaseSigned|Any CPU
		{2739A2EB-3D61-4CC2-987A-BB0A76F64AEF}.ReleaseSigned|Mixed Platforms.ActiveCfg = ReleaseSigned|x64
		{2739A2EB-3D61-4CC2-987A-BB0A76F64AEF}.ReleaseSigned|Mixed Platforms.Build.0 = ReleaseSigned|x64
		{2739A2EB-3D61-4CC2-987A-BB0A76F64AEF}.ReleaseSigned|x64.ActiveCfg = ReleaseSigned|x64
		{2739A2EB-3D61-4CC2-987A-BB0A76F64AEF}.ReleaseSigned|x64.Build.0 = ReleaseSigned|x64
		{2739A2EB-3D61-4CC2-987A-BB0A76F64AEF}.ReleaseSigned|x86.ActiveCfg = ReleaseSigned|x64
		{B6F73AB3-1207-4B52-B90A-065CD5E107EB}.Debug|Any CPU.ActiveCfg = Debug|Any CPU
		{B6F73AB3-1207-4B52-B90A-065CD5E107EB}.Debug|Any CPU.Build.0 = Debug|Any CPU
		{B6F73AB3-1207-4B52-B90A-065CD5E107EB}.Debug|Mixed Platforms.ActiveCfg = Debug|Any CPU
		{B6F73AB3-1207-4B52-B90A-065CD5E107EB}.Debug|Mixed Platforms.Build.0 = Debug|Any CPU
		{B6F73AB3-1207-4B52-B90A-065CD5E107EB}.Debug|x64.ActiveCfg = Debug|x64
		{B6F73AB3-1207-4B52-B90A-065CD5E107EB}.Debug|x64.Build.0 = Debug|x64
		{B6F73AB3-1207-4B52-B90A-065CD5E107EB}.Debug|x86.ActiveCfg = Debug|x64
		{B6F73AB3-1207-4B52-B90A-065CD5E107EB}.DebugVS|Any CPU.ActiveCfg = Debug|Any CPU
		{B6F73AB3-1207-4B52-B90A-065CD5E107EB}.DebugVS|Any CPU.Build.0 = Debug|Any CPU
		{B6F73AB3-1207-4B52-B90A-065CD5E107EB}.DebugVS|Mixed Platforms.ActiveCfg = Debug|x64
		{B6F73AB3-1207-4B52-B90A-065CD5E107EB}.DebugVS|Mixed Platforms.Build.0 = Debug|x64
		{B6F73AB3-1207-4B52-B90A-065CD5E107EB}.DebugVS|x64.ActiveCfg = Debug|x64
		{B6F73AB3-1207-4B52-B90A-065CD5E107EB}.DebugVS|x64.Build.0 = Debug|x64
		{B6F73AB3-1207-4B52-B90A-065CD5E107EB}.DebugVS|x86.ActiveCfg = Debug|x64
		{B6F73AB3-1207-4B52-B90A-065CD5E107EB}.Release|Any CPU.ActiveCfg = Release|Any CPU
		{B6F73AB3-1207-4B52-B90A-065CD5E107EB}.Release|Any CPU.Build.0 = Release|Any CPU
		{B6F73AB3-1207-4B52-B90A-065CD5E107EB}.Release|Mixed Platforms.ActiveCfg = Release|x64
		{B6F73AB3-1207-4B52-B90A-065CD5E107EB}.Release|Mixed Platforms.Build.0 = Release|x64
		{B6F73AB3-1207-4B52-B90A-065CD5E107EB}.Release|x64.ActiveCfg = Release|x64
		{B6F73AB3-1207-4B52-B90A-065CD5E107EB}.Release|x64.Build.0 = Release|x64
		{B6F73AB3-1207-4B52-B90A-065CD5E107EB}.Release|x86.ActiveCfg = Release|x64
		{B6F73AB3-1207-4B52-B90A-065CD5E107EB}.ReleaseSigned|Any CPU.ActiveCfg = ReleaseSigned|Any CPU
		{B6F73AB3-1207-4B52-B90A-065CD5E107EB}.ReleaseSigned|Any CPU.Build.0 = ReleaseSigned|Any CPU
		{B6F73AB3-1207-4B52-B90A-065CD5E107EB}.ReleaseSigned|Mixed Platforms.ActiveCfg = ReleaseSigned|x64
		{B6F73AB3-1207-4B52-B90A-065CD5E107EB}.ReleaseSigned|Mixed Platforms.Build.0 = ReleaseSigned|x64
		{B6F73AB3-1207-4B52-B90A-065CD5E107EB}.ReleaseSigned|x64.ActiveCfg = ReleaseSigned|x64
		{B6F73AB3-1207-4B52-B90A-065CD5E107EB}.ReleaseSigned|x64.Build.0 = ReleaseSigned|x64
		{B6F73AB3-1207-4B52-B90A-065CD5E107EB}.ReleaseSigned|x86.ActiveCfg = ReleaseSigned|x64
		{DA1432AF-D6B5-47A1-8B74-CCD740683E0F}.Debug|Any CPU.ActiveCfg = Debug|Any CPU
		{DA1432AF-D6B5-47A1-8B74-CCD740683E0F}.Debug|Any CPU.Build.0 = Debug|Any CPU
		{DA1432AF-D6B5-47A1-8B74-CCD740683E0F}.Debug|Mixed Platforms.ActiveCfg = Debug|Any CPU
		{DA1432AF-D6B5-47A1-8B74-CCD740683E0F}.Debug|Mixed Platforms.Build.0 = Debug|Any CPU
		{DA1432AF-D6B5-47A1-8B74-CCD740683E0F}.Debug|x64.ActiveCfg = Debug|x64
		{DA1432AF-D6B5-47A1-8B74-CCD740683E0F}.Debug|x64.Build.0 = Debug|x64
		{DA1432AF-D6B5-47A1-8B74-CCD740683E0F}.Debug|x86.ActiveCfg = Debug|x64
		{DA1432AF-D6B5-47A1-8B74-CCD740683E0F}.DebugVS|Any CPU.ActiveCfg = Debug|Any CPU
		{DA1432AF-D6B5-47A1-8B74-CCD740683E0F}.DebugVS|Any CPU.Build.0 = Debug|Any CPU
		{DA1432AF-D6B5-47A1-8B74-CCD740683E0F}.DebugVS|Mixed Platforms.ActiveCfg = Debug|x64
		{DA1432AF-D6B5-47A1-8B74-CCD740683E0F}.DebugVS|Mixed Platforms.Build.0 = Debug|x64
		{DA1432AF-D6B5-47A1-8B74-CCD740683E0F}.DebugVS|x64.ActiveCfg = Debug|x64
		{DA1432AF-D6B5-47A1-8B74-CCD740683E0F}.DebugVS|x64.Build.0 = Debug|x64
		{DA1432AF-D6B5-47A1-8B74-CCD740683E0F}.DebugVS|x86.ActiveCfg = Debug|x64
		{DA1432AF-D6B5-47A1-8B74-CCD740683E0F}.Release|Any CPU.ActiveCfg = Release|Any CPU
		{DA1432AF-D6B5-47A1-8B74-CCD740683E0F}.Release|Any CPU.Build.0 = Release|Any CPU
		{DA1432AF-D6B5-47A1-8B74-CCD740683E0F}.Release|Mixed Platforms.ActiveCfg = Release|x64
		{DA1432AF-D6B5-47A1-8B74-CCD740683E0F}.Release|Mixed Platforms.Build.0 = Release|x64
		{DA1432AF-D6B5-47A1-8B74-CCD740683E0F}.Release|x64.ActiveCfg = Release|x64
		{DA1432AF-D6B5-47A1-8B74-CCD740683E0F}.Release|x64.Build.0 = Release|x64
		{DA1432AF-D6B5-47A1-8B74-CCD740683E0F}.Release|x86.ActiveCfg = Release|x64
		{DA1432AF-D6B5-47A1-8B74-CCD740683E0F}.ReleaseSigned|Any CPU.ActiveCfg = ReleaseSigned|Any CPU
		{DA1432AF-D6B5-47A1-8B74-CCD740683E0F}.ReleaseSigned|Any CPU.Build.0 = ReleaseSigned|Any CPU
		{DA1432AF-D6B5-47A1-8B74-CCD740683E0F}.ReleaseSigned|Mixed Platforms.ActiveCfg = ReleaseSigned|x64
		{DA1432AF-D6B5-47A1-8B74-CCD740683E0F}.ReleaseSigned|Mixed Platforms.Build.0 = ReleaseSigned|x64
		{DA1432AF-D6B5-47A1-8B74-CCD740683E0F}.ReleaseSigned|x64.ActiveCfg = ReleaseSigned|x64
		{DA1432AF-D6B5-47A1-8B74-CCD740683E0F}.ReleaseSigned|x64.Build.0 = ReleaseSigned|x64
		{DA1432AF-D6B5-47A1-8B74-CCD740683E0F}.ReleaseSigned|x86.ActiveCfg = ReleaseSigned|x64
		{8BBE3C78-69C6-42FE-B1FE-B3AA24771ECE}.Debug|Any CPU.ActiveCfg = Debug|Any CPU
		{8BBE3C78-69C6-42FE-B1FE-B3AA24771ECE}.Debug|Any CPU.Build.0 = Debug|Any CPU
		{8BBE3C78-69C6-42FE-B1FE-B3AA24771ECE}.Debug|Mixed Platforms.ActiveCfg = Debug|Any CPU
		{8BBE3C78-69C6-42FE-B1FE-B3AA24771ECE}.Debug|Mixed Platforms.Build.0 = Debug|Any CPU
		{8BBE3C78-69C6-42FE-B1FE-B3AA24771ECE}.Debug|x64.ActiveCfg = Debug|x64
		{8BBE3C78-69C6-42FE-B1FE-B3AA24771ECE}.Debug|x64.Build.0 = Debug|x64
		{8BBE3C78-69C6-42FE-B1FE-B3AA24771ECE}.Debug|x86.ActiveCfg = Debug|x64
		{8BBE3C78-69C6-42FE-B1FE-B3AA24771ECE}.DebugVS|Any CPU.ActiveCfg = Debug|Any CPU
		{8BBE3C78-69C6-42FE-B1FE-B3AA24771ECE}.DebugVS|Any CPU.Build.0 = Debug|Any CPU
		{8BBE3C78-69C6-42FE-B1FE-B3AA24771ECE}.DebugVS|Mixed Platforms.ActiveCfg = Debug|x64
		{8BBE3C78-69C6-42FE-B1FE-B3AA24771ECE}.DebugVS|Mixed Platforms.Build.0 = Debug|x64
		{8BBE3C78-69C6-42FE-B1FE-B3AA24771ECE}.DebugVS|x64.ActiveCfg = Debug|Any CPU
		{8BBE3C78-69C6-42FE-B1FE-B3AA24771ECE}.DebugVS|x86.ActiveCfg = Debug|x64
		{8BBE3C78-69C6-42FE-B1FE-B3AA24771ECE}.Release|Any CPU.ActiveCfg = Release|Any CPU
		{8BBE3C78-69C6-42FE-B1FE-B3AA24771ECE}.Release|Any CPU.Build.0 = Release|Any CPU
		{8BBE3C78-69C6-42FE-B1FE-B3AA24771ECE}.Release|Mixed Platforms.ActiveCfg = Release|x64
		{8BBE3C78-69C6-42FE-B1FE-B3AA24771ECE}.Release|Mixed Platforms.Build.0 = Release|x64
		{8BBE3C78-69C6-42FE-B1FE-B3AA24771ECE}.Release|x64.ActiveCfg = Release|Any CPU
		{8BBE3C78-69C6-42FE-B1FE-B3AA24771ECE}.Release|x86.ActiveCfg = Release|x64
		{8BBE3C78-69C6-42FE-B1FE-B3AA24771ECE}.ReleaseSigned|Any CPU.ActiveCfg = ReleaseSigned|Any CPU
		{8BBE3C78-69C6-42FE-B1FE-B3AA24771ECE}.ReleaseSigned|Any CPU.Build.0 = ReleaseSigned|Any CPU
		{8BBE3C78-69C6-42FE-B1FE-B3AA24771ECE}.ReleaseSigned|Mixed Platforms.ActiveCfg = ReleaseSigned|x64
		{8BBE3C78-69C6-42FE-B1FE-B3AA24771ECE}.ReleaseSigned|Mixed Platforms.Build.0 = ReleaseSigned|x64
		{8BBE3C78-69C6-42FE-B1FE-B3AA24771ECE}.ReleaseSigned|x64.ActiveCfg = Release|x64
		{8BBE3C78-69C6-42FE-B1FE-B3AA24771ECE}.ReleaseSigned|x64.Build.0 = Release|x64
		{8BBE3C78-69C6-42FE-B1FE-B3AA24771ECE}.ReleaseSigned|x86.ActiveCfg = ReleaseSigned|x64
		{16098AC2-5C1D-4D3C-B499-80A61D1AB7E2}.Debug|Any CPU.ActiveCfg = Debug|Any CPU
		{16098AC2-5C1D-4D3C-B499-80A61D1AB7E2}.Debug|Any CPU.Build.0 = Debug|Any CPU
		{16098AC2-5C1D-4D3C-B499-80A61D1AB7E2}.Debug|Mixed Platforms.ActiveCfg = Debug|Any CPU
		{16098AC2-5C1D-4D3C-B499-80A61D1AB7E2}.Debug|Mixed Platforms.Build.0 = Debug|Any CPU
		{16098AC2-5C1D-4D3C-B499-80A61D1AB7E2}.Debug|x64.ActiveCfg = Debug|x64
		{16098AC2-5C1D-4D3C-B499-80A61D1AB7E2}.Debug|x64.Build.0 = Debug|x64
		{16098AC2-5C1D-4D3C-B499-80A61D1AB7E2}.Debug|x86.ActiveCfg = Debug|x64
		{16098AC2-5C1D-4D3C-B499-80A61D1AB7E2}.DebugVS|Any CPU.ActiveCfg = Debug|Any CPU
		{16098AC2-5C1D-4D3C-B499-80A61D1AB7E2}.DebugVS|Any CPU.Build.0 = Debug|Any CPU
		{16098AC2-5C1D-4D3C-B499-80A61D1AB7E2}.DebugVS|Mixed Platforms.ActiveCfg = Debug|x64
		{16098AC2-5C1D-4D3C-B499-80A61D1AB7E2}.DebugVS|Mixed Platforms.Build.0 = Debug|x64
		{16098AC2-5C1D-4D3C-B499-80A61D1AB7E2}.DebugVS|x64.ActiveCfg = Debug|Any CPU
		{16098AC2-5C1D-4D3C-B499-80A61D1AB7E2}.DebugVS|x86.ActiveCfg = Debug|x64
		{16098AC2-5C1D-4D3C-B499-80A61D1AB7E2}.Release|Any CPU.ActiveCfg = Release|Any CPU
		{16098AC2-5C1D-4D3C-B499-80A61D1AB7E2}.Release|Any CPU.Build.0 = Release|Any CPU
		{16098AC2-5C1D-4D3C-B499-80A61D1AB7E2}.Release|Mixed Platforms.ActiveCfg = Release|x64
		{16098AC2-5C1D-4D3C-B499-80A61D1AB7E2}.Release|Mixed Platforms.Build.0 = Release|x64
		{16098AC2-5C1D-4D3C-B499-80A61D1AB7E2}.Release|x64.ActiveCfg = Release|Any CPU
		{16098AC2-5C1D-4D3C-B499-80A61D1AB7E2}.Release|x86.ActiveCfg = Release|x64
		{16098AC2-5C1D-4D3C-B499-80A61D1AB7E2}.ReleaseSigned|Any CPU.ActiveCfg = ReleaseSigned|Any CPU
		{16098AC2-5C1D-4D3C-B499-80A61D1AB7E2}.ReleaseSigned|Any CPU.Build.0 = ReleaseSigned|Any CPU
		{16098AC2-5C1D-4D3C-B499-80A61D1AB7E2}.ReleaseSigned|Mixed Platforms.ActiveCfg = ReleaseSigned|x64
		{16098AC2-5C1D-4D3C-B499-80A61D1AB7E2}.ReleaseSigned|Mixed Platforms.Build.0 = ReleaseSigned|x64
		{16098AC2-5C1D-4D3C-B499-80A61D1AB7E2}.ReleaseSigned|x64.ActiveCfg = Release|x64
		{16098AC2-5C1D-4D3C-B499-80A61D1AB7E2}.ReleaseSigned|x64.Build.0 = Release|x64
		{16098AC2-5C1D-4D3C-B499-80A61D1AB7E2}.ReleaseSigned|x86.ActiveCfg = ReleaseSigned|x64
		{08CF7DA7-0392-4A19-B79B-E1FF67CDB81A}.Debug|Any CPU.ActiveCfg = Debug|Any CPU
		{08CF7DA7-0392-4A19-B79B-E1FF67CDB81A}.Debug|Any CPU.Build.0 = Debug|Any CPU
		{08CF7DA7-0392-4A19-B79B-E1FF67CDB81A}.Debug|Mixed Platforms.ActiveCfg = Debug|Any CPU
		{08CF7DA7-0392-4A19-B79B-E1FF67CDB81A}.Debug|Mixed Platforms.Build.0 = Debug|Any CPU
		{08CF7DA7-0392-4A19-B79B-E1FF67CDB81A}.Debug|x64.ActiveCfg = Debug|Any CPU
		{08CF7DA7-0392-4A19-B79B-E1FF67CDB81A}.Debug|x86.ActiveCfg = Debug|Any CPU
		{08CF7DA7-0392-4A19-B79B-E1FF67CDB81A}.DebugVS|Any CPU.ActiveCfg = Debug|Any CPU
		{08CF7DA7-0392-4A19-B79B-E1FF67CDB81A}.DebugVS|Any CPU.Build.0 = Debug|Any CPU
		{08CF7DA7-0392-4A19-B79B-E1FF67CDB81A}.DebugVS|Mixed Platforms.ActiveCfg = Debug|Any CPU
		{08CF7DA7-0392-4A19-B79B-E1FF67CDB81A}.DebugVS|x64.ActiveCfg = Debug|Any CPU
		{08CF7DA7-0392-4A19-B79B-E1FF67CDB81A}.DebugVS|x86.ActiveCfg = Debug|Any CPU
		{08CF7DA7-0392-4A19-B79B-E1FF67CDB81A}.Release|Any CPU.ActiveCfg = Release|Any CPU
		{08CF7DA7-0392-4A19-B79B-E1FF67CDB81A}.Release|Any CPU.Build.0 = Release|Any CPU
		{08CF7DA7-0392-4A19-B79B-E1FF67CDB81A}.Release|Mixed Platforms.ActiveCfg = Release|Any CPU
		{08CF7DA7-0392-4A19-B79B-E1FF67CDB81A}.Release|x64.ActiveCfg = Release|Any CPU
		{08CF7DA7-0392-4A19-B79B-E1FF67CDB81A}.Release|x86.ActiveCfg = Release|Any CPU
		{08CF7DA7-0392-4A19-B79B-E1FF67CDB81A}.ReleaseSigned|Any CPU.ActiveCfg = ReleaseSigned|Any CPU
		{08CF7DA7-0392-4A19-B79B-E1FF67CDB81A}.ReleaseSigned|Any CPU.Build.0 = ReleaseSigned|Any CPU
		{08CF7DA7-0392-4A19-B79B-E1FF67CDB81A}.ReleaseSigned|Mixed Platforms.ActiveCfg = ReleaseSigned|Any CPU
		{08CF7DA7-0392-4A19-B79B-E1FF67CDB81A}.ReleaseSigned|x64.ActiveCfg = Release|Any CPU
		{08CF7DA7-0392-4A19-B79B-E1FF67CDB81A}.ReleaseSigned|x86.ActiveCfg = ReleaseSigned|Any CPU
		{D6F470A6-7395-4B8B-9D29-44DF0EC8F624}.Debug|Any CPU.ActiveCfg = Debug|Any CPU
		{D6F470A6-7395-4B8B-9D29-44DF0EC8F624}.Debug|Any CPU.Build.0 = Debug|Any CPU
		{D6F470A6-7395-4B8B-9D29-44DF0EC8F624}.Debug|Mixed Platforms.ActiveCfg = Debug|Any CPU
		{D6F470A6-7395-4B8B-9D29-44DF0EC8F624}.Debug|Mixed Platforms.Build.0 = Debug|Any CPU
		{D6F470A6-7395-4B8B-9D29-44DF0EC8F624}.Debug|x64.ActiveCfg = Debug|Any CPU
		{D6F470A6-7395-4B8B-9D29-44DF0EC8F624}.Debug|x86.ActiveCfg = Debug|Any CPU
		{D6F470A6-7395-4B8B-9D29-44DF0EC8F624}.DebugVS|Any CPU.ActiveCfg = Debug|Any CPU
		{D6F470A6-7395-4B8B-9D29-44DF0EC8F624}.DebugVS|Any CPU.Build.0 = Debug|Any CPU
		{D6F470A6-7395-4B8B-9D29-44DF0EC8F624}.DebugVS|Mixed Platforms.ActiveCfg = Debug|Any CPU
		{D6F470A6-7395-4B8B-9D29-44DF0EC8F624}.DebugVS|x64.ActiveCfg = Debug|Any CPU
		{D6F470A6-7395-4B8B-9D29-44DF0EC8F624}.DebugVS|x86.ActiveCfg = Debug|Any CPU
		{D6F470A6-7395-4B8B-9D29-44DF0EC8F624}.Release|Any CPU.ActiveCfg = Release|Any CPU
		{D6F470A6-7395-4B8B-9D29-44DF0EC8F624}.Release|Any CPU.Build.0 = Release|Any CPU
		{D6F470A6-7395-4B8B-9D29-44DF0EC8F624}.Release|Mixed Platforms.ActiveCfg = Release|Any CPU
		{D6F470A6-7395-4B8B-9D29-44DF0EC8F624}.Release|x64.ActiveCfg = Release|Any CPU
		{D6F470A6-7395-4B8B-9D29-44DF0EC8F624}.Release|x86.ActiveCfg = Release|Any CPU
		{D6F470A6-7395-4B8B-9D29-44DF0EC8F624}.ReleaseSigned|Any CPU.ActiveCfg = ReleaseSigned|Any CPU
		{D6F470A6-7395-4B8B-9D29-44DF0EC8F624}.ReleaseSigned|Any CPU.Build.0 = ReleaseSigned|Any CPU
		{D6F470A6-7395-4B8B-9D29-44DF0EC8F624}.ReleaseSigned|Mixed Platforms.ActiveCfg = ReleaseSigned|Any CPU
		{D6F470A6-7395-4B8B-9D29-44DF0EC8F624}.ReleaseSigned|x64.ActiveCfg = Release|Any CPU
		{D6F470A6-7395-4B8B-9D29-44DF0EC8F624}.ReleaseSigned|x86.ActiveCfg = ReleaseSigned|Any CPU
		{A3965B66-5A3E-4B8C-9574-28E5958D4828}.Debug|Any CPU.ActiveCfg = Debug|Any CPU
		{A3965B66-5A3E-4B8C-9574-28E5958D4828}.Debug|Any CPU.Build.0 = Debug|Any CPU
		{A3965B66-5A3E-4B8C-9574-28E5958D4828}.Debug|Mixed Platforms.ActiveCfg = Debug|Any CPU
		{A3965B66-5A3E-4B8C-9574-28E5958D4828}.Debug|Mixed Platforms.Build.0 = Debug|Any CPU
		{A3965B66-5A3E-4B8C-9574-28E5958D4828}.Debug|x64.ActiveCfg = Debug|x64
		{A3965B66-5A3E-4B8C-9574-28E5958D4828}.Debug|x64.Build.0 = Debug|x64
		{A3965B66-5A3E-4B8C-9574-28E5958D4828}.Debug|x86.ActiveCfg = Debug|x64
		{A3965B66-5A3E-4B8C-9574-28E5958D4828}.DebugVS|Any CPU.ActiveCfg = Debug|Any CPU
		{A3965B66-5A3E-4B8C-9574-28E5958D4828}.DebugVS|Any CPU.Build.0 = Debug|Any CPU
		{A3965B66-5A3E-4B8C-9574-28E5958D4828}.DebugVS|Mixed Platforms.ActiveCfg = Debug|x64
		{A3965B66-5A3E-4B8C-9574-28E5958D4828}.DebugVS|Mixed Platforms.Build.0 = Debug|x64
		{A3965B66-5A3E-4B8C-9574-28E5958D4828}.DebugVS|x64.ActiveCfg = Debug|Any CPU
		{A3965B66-5A3E-4B8C-9574-28E5958D4828}.DebugVS|x86.ActiveCfg = Debug|x64
		{A3965B66-5A3E-4B8C-9574-28E5958D4828}.Release|Any CPU.ActiveCfg = Release|Any CPU
		{A3965B66-5A3E-4B8C-9574-28E5958D4828}.Release|Any CPU.Build.0 = Release|Any CPU
		{A3965B66-5A3E-4B8C-9574-28E5958D4828}.Release|Mixed Platforms.ActiveCfg = Release|x64
		{A3965B66-5A3E-4B8C-9574-28E5958D4828}.Release|Mixed Platforms.Build.0 = Release|x64
		{A3965B66-5A3E-4B8C-9574-28E5958D4828}.Release|x64.ActiveCfg = Release|Any CPU
		{A3965B66-5A3E-4B8C-9574-28E5958D4828}.Release|x86.ActiveCfg = Release|x64
		{A3965B66-5A3E-4B8C-9574-28E5958D4828}.ReleaseSigned|Any CPU.ActiveCfg = ReleaseSigned|Any CPU
		{A3965B66-5A3E-4B8C-9574-28E5958D4828}.ReleaseSigned|Any CPU.Build.0 = ReleaseSigned|Any CPU
		{A3965B66-5A3E-4B8C-9574-28E5958D4828}.ReleaseSigned|Mixed Platforms.ActiveCfg = ReleaseSigned|x64
		{A3965B66-5A3E-4B8C-9574-28E5958D4828}.ReleaseSigned|Mixed Platforms.Build.0 = ReleaseSigned|x64
		{A3965B66-5A3E-4B8C-9574-28E5958D4828}.ReleaseSigned|x64.ActiveCfg = Release|x64
		{A3965B66-5A3E-4B8C-9574-28E5958D4828}.ReleaseSigned|x64.Build.0 = Release|x64
		{A3965B66-5A3E-4B8C-9574-28E5958D4828}.ReleaseSigned|x86.ActiveCfg = ReleaseSigned|x64
		{ED57ECAF-AD30-4C7A-99A6-8757A83B19F0}.Debug|Any CPU.ActiveCfg = Debug|Any CPU
		{ED57ECAF-AD30-4C7A-99A6-8757A83B19F0}.Debug|Any CPU.Build.0 = Debug|Any CPU
		{ED57ECAF-AD30-4C7A-99A6-8757A83B19F0}.Debug|Mixed Platforms.ActiveCfg = Debug|Any CPU
		{ED57ECAF-AD30-4C7A-99A6-8757A83B19F0}.Debug|Mixed Platforms.Build.0 = Debug|Any CPU
		{ED57ECAF-AD30-4C7A-99A6-8757A83B19F0}.Debug|x64.ActiveCfg = Debug|x64
		{ED57ECAF-AD30-4C7A-99A6-8757A83B19F0}.Debug|x64.Build.0 = Debug|x64
		{ED57ECAF-AD30-4C7A-99A6-8757A83B19F0}.Debug|x86.ActiveCfg = Debug|x64
		{ED57ECAF-AD30-4C7A-99A6-8757A83B19F0}.DebugVS|Any CPU.ActiveCfg = Debug|Any CPU
		{ED57ECAF-AD30-4C7A-99A6-8757A83B19F0}.DebugVS|Any CPU.Build.0 = Debug|Any CPU
		{ED57ECAF-AD30-4C7A-99A6-8757A83B19F0}.DebugVS|Mixed Platforms.ActiveCfg = Debug|x64
		{ED57ECAF-AD30-4C7A-99A6-8757A83B19F0}.DebugVS|Mixed Platforms.Build.0 = Debug|x64
		{ED57ECAF-AD30-4C7A-99A6-8757A83B19F0}.DebugVS|x64.ActiveCfg = Debug|x64
		{ED57ECAF-AD30-4C7A-99A6-8757A83B19F0}.DebugVS|x64.Build.0 = Debug|x64
		{ED57ECAF-AD30-4C7A-99A6-8757A83B19F0}.DebugVS|x86.ActiveCfg = Debug|x64
		{ED57ECAF-AD30-4C7A-99A6-8757A83B19F0}.Release|Any CPU.ActiveCfg = Release|Any CPU
		{ED57ECAF-AD30-4C7A-99A6-8757A83B19F0}.Release|Any CPU.Build.0 = Release|Any CPU
		{ED57ECAF-AD30-4C7A-99A6-8757A83B19F0}.Release|Mixed Platforms.ActiveCfg = Release|x64
		{ED57ECAF-AD30-4C7A-99A6-8757A83B19F0}.Release|Mixed Platforms.Build.0 = Release|x64
		{ED57ECAF-AD30-4C7A-99A6-8757A83B19F0}.Release|x64.ActiveCfg = Release|x64
		{ED57ECAF-AD30-4C7A-99A6-8757A83B19F0}.Release|x64.Build.0 = Release|x64
		{ED57ECAF-AD30-4C7A-99A6-8757A83B19F0}.Release|x86.ActiveCfg = Release|x64
		{ED57ECAF-AD30-4C7A-99A6-8757A83B19F0}.ReleaseSigned|Any CPU.ActiveCfg = ReleaseSigned|Any CPU
		{ED57ECAF-AD30-4C7A-99A6-8757A83B19F0}.ReleaseSigned|Any CPU.Build.0 = ReleaseSigned|Any CPU
		{ED57ECAF-AD30-4C7A-99A6-8757A83B19F0}.ReleaseSigned|Mixed Platforms.ActiveCfg = ReleaseSigned|x64
		{ED57ECAF-AD30-4C7A-99A6-8757A83B19F0}.ReleaseSigned|Mixed Platforms.Build.0 = ReleaseSigned|x64
		{ED57ECAF-AD30-4C7A-99A6-8757A83B19F0}.ReleaseSigned|x64.ActiveCfg = ReleaseSigned|x64
		{ED57ECAF-AD30-4C7A-99A6-8757A83B19F0}.ReleaseSigned|x64.Build.0 = ReleaseSigned|x64
		{ED57ECAF-AD30-4C7A-99A6-8757A83B19F0}.ReleaseSigned|x86.ActiveCfg = ReleaseSigned|x64
		{E1CA72BA-8374-45F6-904D-FD34ECDF5B6F}.Debug|Any CPU.ActiveCfg = Debug|Any CPU
		{E1CA72BA-8374-45F6-904D-FD34ECDF5B6F}.Debug|Any CPU.Build.0 = Debug|Any CPU
		{E1CA72BA-8374-45F6-904D-FD34ECDF5B6F}.Debug|Mixed Platforms.ActiveCfg = Debug|Any CPU
		{E1CA72BA-8374-45F6-904D-FD34ECDF5B6F}.Debug|Mixed Platforms.Build.0 = Debug|Any CPU
		{E1CA72BA-8374-45F6-904D-FD34ECDF5B6F}.Debug|x64.ActiveCfg = Debug|x64
		{E1CA72BA-8374-45F6-904D-FD34ECDF5B6F}.Debug|x64.Build.0 = Debug|x64
		{E1CA72BA-8374-45F6-904D-FD34ECDF5B6F}.Debug|x86.ActiveCfg = Debug|x64
		{E1CA72BA-8374-45F6-904D-FD34ECDF5B6F}.DebugVS|Any CPU.ActiveCfg = Debug|Any CPU
		{E1CA72BA-8374-45F6-904D-FD34ECDF5B6F}.DebugVS|Any CPU.Build.0 = Debug|Any CPU
		{E1CA72BA-8374-45F6-904D-FD34ECDF5B6F}.DebugVS|Mixed Platforms.ActiveCfg = Debug|x64
		{E1CA72BA-8374-45F6-904D-FD34ECDF5B6F}.DebugVS|Mixed Platforms.Build.0 = Debug|x64
		{E1CA72BA-8374-45F6-904D-FD34ECDF5B6F}.DebugVS|x64.ActiveCfg = Debug|x64
		{E1CA72BA-8374-45F6-904D-FD34ECDF5B6F}.DebugVS|x64.Build.0 = Debug|x64
		{E1CA72BA-8374-45F6-904D-FD34ECDF5B6F}.DebugVS|x86.ActiveCfg = Debug|x64
		{E1CA72BA-8374-45F6-904D-FD34ECDF5B6F}.Release|Any CPU.ActiveCfg = Release|Any CPU
		{E1CA72BA-8374-45F6-904D-FD34ECDF5B6F}.Release|Any CPU.Build.0 = Release|Any CPU
		{E1CA72BA-8374-45F6-904D-FD34ECDF5B6F}.Release|Mixed Platforms.ActiveCfg = Release|x64
		{E1CA72BA-8374-45F6-904D-FD34ECDF5B6F}.Release|Mixed Platforms.Build.0 = Release|x64
		{E1CA72BA-8374-45F6-904D-FD34ECDF5B6F}.Release|x64.ActiveCfg = Release|x64
		{E1CA72BA-8374-45F6-904D-FD34ECDF5B6F}.Release|x64.Build.0 = Release|x64
		{E1CA72BA-8374-45F6-904D-FD34ECDF5B6F}.Release|x86.ActiveCfg = Release|x64
		{E1CA72BA-8374-45F6-904D-FD34ECDF5B6F}.ReleaseSigned|Any CPU.ActiveCfg = ReleaseSigned|Any CPU
		{E1CA72BA-8374-45F6-904D-FD34ECDF5B6F}.ReleaseSigned|Any CPU.Build.0 = ReleaseSigned|Any CPU
		{E1CA72BA-8374-45F6-904D-FD34ECDF5B6F}.ReleaseSigned|Mixed Platforms.ActiveCfg = ReleaseSigned|x64
		{E1CA72BA-8374-45F6-904D-FD34ECDF5B6F}.ReleaseSigned|Mixed Platforms.Build.0 = ReleaseSigned|x64
		{E1CA72BA-8374-45F6-904D-FD34ECDF5B6F}.ReleaseSigned|x64.ActiveCfg = ReleaseSigned|x64
		{E1CA72BA-8374-45F6-904D-FD34ECDF5B6F}.ReleaseSigned|x64.Build.0 = ReleaseSigned|x64
		{E1CA72BA-8374-45F6-904D-FD34ECDF5B6F}.ReleaseSigned|x86.ActiveCfg = ReleaseSigned|x64
		{58A78F29-8C0C-4A5E-893E-3953C0F29C8A}.Debug|Any CPU.ActiveCfg = Debug|Any CPU
		{58A78F29-8C0C-4A5E-893E-3953C0F29C8A}.Debug|Any CPU.Build.0 = Debug|Any CPU
		{58A78F29-8C0C-4A5E-893E-3953C0F29C8A}.Debug|Mixed Platforms.ActiveCfg = Debug|Any CPU
		{58A78F29-8C0C-4A5E-893E-3953C0F29C8A}.Debug|Mixed Platforms.Build.0 = Debug|Any CPU
		{58A78F29-8C0C-4A5E-893E-3953C0F29C8A}.Debug|x64.ActiveCfg = Debug|x64
		{58A78F29-8C0C-4A5E-893E-3953C0F29C8A}.Debug|x64.Build.0 = Debug|x64
		{58A78F29-8C0C-4A5E-893E-3953C0F29C8A}.Debug|x86.ActiveCfg = Debug|x64
		{58A78F29-8C0C-4A5E-893E-3953C0F29C8A}.DebugVS|Any CPU.ActiveCfg = Debug|Any CPU
		{58A78F29-8C0C-4A5E-893E-3953C0F29C8A}.DebugVS|Any CPU.Build.0 = Debug|Any CPU
		{58A78F29-8C0C-4A5E-893E-3953C0F29C8A}.DebugVS|Mixed Platforms.ActiveCfg = Debug|x64
		{58A78F29-8C0C-4A5E-893E-3953C0F29C8A}.DebugVS|Mixed Platforms.Build.0 = Debug|x64
		{58A78F29-8C0C-4A5E-893E-3953C0F29C8A}.DebugVS|x64.ActiveCfg = Debug|x64
		{58A78F29-8C0C-4A5E-893E-3953C0F29C8A}.DebugVS|x64.Build.0 = Debug|x64
		{58A78F29-8C0C-4A5E-893E-3953C0F29C8A}.DebugVS|x86.ActiveCfg = Debug|x64
		{58A78F29-8C0C-4A5E-893E-3953C0F29C8A}.Release|Any CPU.ActiveCfg = Release|Any CPU
		{58A78F29-8C0C-4A5E-893E-3953C0F29C8A}.Release|Any CPU.Build.0 = Release|Any CPU
		{58A78F29-8C0C-4A5E-893E-3953C0F29C8A}.Release|Mixed Platforms.ActiveCfg = Release|x64
		{58A78F29-8C0C-4A5E-893E-3953C0F29C8A}.Release|Mixed Platforms.Build.0 = Release|x64
		{58A78F29-8C0C-4A5E-893E-3953C0F29C8A}.Release|x64.ActiveCfg = Release|x64
		{58A78F29-8C0C-4A5E-893E-3953C0F29C8A}.Release|x64.Build.0 = Release|x64
		{58A78F29-8C0C-4A5E-893E-3953C0F29C8A}.Release|x86.ActiveCfg = Release|x64
		{58A78F29-8C0C-4A5E-893E-3953C0F29C8A}.ReleaseSigned|Any CPU.ActiveCfg = ReleaseSigned|Any CPU
		{58A78F29-8C0C-4A5E-893E-3953C0F29C8A}.ReleaseSigned|Any CPU.Build.0 = ReleaseSigned|Any CPU
		{58A78F29-8C0C-4A5E-893E-3953C0F29C8A}.ReleaseSigned|Mixed Platforms.ActiveCfg = ReleaseSigned|x64
		{58A78F29-8C0C-4A5E-893E-3953C0F29C8A}.ReleaseSigned|Mixed Platforms.Build.0 = ReleaseSigned|x64
		{58A78F29-8C0C-4A5E-893E-3953C0F29C8A}.ReleaseSigned|x64.ActiveCfg = ReleaseSigned|x64
		{58A78F29-8C0C-4A5E-893E-3953C0F29C8A}.ReleaseSigned|x64.Build.0 = ReleaseSigned|x64
		{58A78F29-8C0C-4A5E-893E-3953C0F29C8A}.ReleaseSigned|x86.ActiveCfg = ReleaseSigned|x64
		{73820CBC-F4EB-4C5E-B4F0-CC4A93FBF157}.Debug|Any CPU.ActiveCfg = Debug|Any CPU
		{73820CBC-F4EB-4C5E-B4F0-CC4A93FBF157}.Debug|Any CPU.Build.0 = Debug|Any CPU
		{73820CBC-F4EB-4C5E-B4F0-CC4A93FBF157}.Debug|Mixed Platforms.ActiveCfg = Debug|Any CPU
		{73820CBC-F4EB-4C5E-B4F0-CC4A93FBF157}.Debug|Mixed Platforms.Build.0 = Debug|Any CPU
		{73820CBC-F4EB-4C5E-B4F0-CC4A93FBF157}.Debug|x64.ActiveCfg = Debug|x64
		{73820CBC-F4EB-4C5E-B4F0-CC4A93FBF157}.Debug|x64.Build.0 = Debug|x64
		{73820CBC-F4EB-4C5E-B4F0-CC4A93FBF157}.Debug|x86.ActiveCfg = Debug|x64
		{73820CBC-F4EB-4C5E-B4F0-CC4A93FBF157}.DebugVS|Any CPU.ActiveCfg = Debug|Any CPU
		{73820CBC-F4EB-4C5E-B4F0-CC4A93FBF157}.DebugVS|Any CPU.Build.0 = Debug|Any CPU
		{73820CBC-F4EB-4C5E-B4F0-CC4A93FBF157}.DebugVS|Mixed Platforms.ActiveCfg = Debug|x64
		{73820CBC-F4EB-4C5E-B4F0-CC4A93FBF157}.DebugVS|Mixed Platforms.Build.0 = Debug|x64
		{73820CBC-F4EB-4C5E-B4F0-CC4A93FBF157}.DebugVS|x64.ActiveCfg = Debug|x64
		{73820CBC-F4EB-4C5E-B4F0-CC4A93FBF157}.DebugVS|x64.Build.0 = Debug|x64
		{73820CBC-F4EB-4C5E-B4F0-CC4A93FBF157}.DebugVS|x86.ActiveCfg = Debug|x64
		{73820CBC-F4EB-4C5E-B4F0-CC4A93FBF157}.Release|Any CPU.ActiveCfg = Release|Any CPU
		{73820CBC-F4EB-4C5E-B4F0-CC4A93FBF157}.Release|Any CPU.Build.0 = Release|Any CPU
		{73820CBC-F4EB-4C5E-B4F0-CC4A93FBF157}.Release|Mixed Platforms.ActiveCfg = Release|x64
		{73820CBC-F4EB-4C5E-B4F0-CC4A93FBF157}.Release|Mixed Platforms.Build.0 = Release|x64
		{73820CBC-F4EB-4C5E-B4F0-CC4A93FBF157}.Release|x64.ActiveCfg = Release|x64
		{73820CBC-F4EB-4C5E-B4F0-CC4A93FBF157}.Release|x64.Build.0 = Release|x64
		{73820CBC-F4EB-4C5E-B4F0-CC4A93FBF157}.Release|x86.ActiveCfg = Release|x64
		{73820CBC-F4EB-4C5E-B4F0-CC4A93FBF157}.ReleaseSigned|Any CPU.ActiveCfg = ReleaseSigned|Any CPU
		{73820CBC-F4EB-4C5E-B4F0-CC4A93FBF157}.ReleaseSigned|Any CPU.Build.0 = ReleaseSigned|Any CPU
		{73820CBC-F4EB-4C5E-B4F0-CC4A93FBF157}.ReleaseSigned|Mixed Platforms.ActiveCfg = ReleaseSigned|x64
		{73820CBC-F4EB-4C5E-B4F0-CC4A93FBF157}.ReleaseSigned|Mixed Platforms.Build.0 = ReleaseSigned|x64
		{73820CBC-F4EB-4C5E-B4F0-CC4A93FBF157}.ReleaseSigned|x64.ActiveCfg = ReleaseSigned|x64
		{73820CBC-F4EB-4C5E-B4F0-CC4A93FBF157}.ReleaseSigned|x64.Build.0 = ReleaseSigned|x64
		{73820CBC-F4EB-4C5E-B4F0-CC4A93FBF157}.ReleaseSigned|x86.ActiveCfg = ReleaseSigned|x64
		{80496B7B-068A-4A1E-B0BB-4B1FFF3FA616}.Debug|Any CPU.ActiveCfg = Debug|Any CPU
		{80496B7B-068A-4A1E-B0BB-4B1FFF3FA616}.Debug|Any CPU.Build.0 = Debug|Any CPU
		{80496B7B-068A-4A1E-B0BB-4B1FFF3FA616}.Debug|Mixed Platforms.ActiveCfg = Debug|Any CPU
		{80496B7B-068A-4A1E-B0BB-4B1FFF3FA616}.Debug|Mixed Platforms.Build.0 = Debug|Any CPU
		{80496B7B-068A-4A1E-B0BB-4B1FFF3FA616}.Debug|x64.ActiveCfg = Debug|x64
		{80496B7B-068A-4A1E-B0BB-4B1FFF3FA616}.Debug|x64.Build.0 = Debug|x64
		{80496B7B-068A-4A1E-B0BB-4B1FFF3FA616}.Debug|x86.ActiveCfg = Debug|x64
		{80496B7B-068A-4A1E-B0BB-4B1FFF3FA616}.DebugVS|Any CPU.ActiveCfg = Debug|Any CPU
		{80496B7B-068A-4A1E-B0BB-4B1FFF3FA616}.DebugVS|Any CPU.Build.0 = Debug|Any CPU
		{80496B7B-068A-4A1E-B0BB-4B1FFF3FA616}.DebugVS|Mixed Platforms.ActiveCfg = Debug|x64
		{80496B7B-068A-4A1E-B0BB-4B1FFF3FA616}.DebugVS|Mixed Platforms.Build.0 = Debug|x64
		{80496B7B-068A-4A1E-B0BB-4B1FFF3FA616}.DebugVS|x64.ActiveCfg = Debug|x64
		{80496B7B-068A-4A1E-B0BB-4B1FFF3FA616}.DebugVS|x64.Build.0 = Debug|x64
		{80496B7B-068A-4A1E-B0BB-4B1FFF3FA616}.DebugVS|x86.ActiveCfg = Debug|x64
		{80496B7B-068A-4A1E-B0BB-4B1FFF3FA616}.Release|Any CPU.ActiveCfg = Release|Any CPU
		{80496B7B-068A-4A1E-B0BB-4B1FFF3FA616}.Release|Any CPU.Build.0 = Release|Any CPU
		{80496B7B-068A-4A1E-B0BB-4B1FFF3FA616}.Release|Mixed Platforms.ActiveCfg = Release|x64
		{80496B7B-068A-4A1E-B0BB-4B1FFF3FA616}.Release|Mixed Platforms.Build.0 = Release|x64
		{80496B7B-068A-4A1E-B0BB-4B1FFF3FA616}.Release|x64.ActiveCfg = Release|x64
		{80496B7B-068A-4A1E-B0BB-4B1FFF3FA616}.Release|x64.Build.0 = Release|x64
		{80496B7B-068A-4A1E-B0BB-4B1FFF3FA616}.Release|x86.ActiveCfg = Release|x64
		{80496B7B-068A-4A1E-B0BB-4B1FFF3FA616}.ReleaseSigned|Any CPU.ActiveCfg = ReleaseSigned|Any CPU
		{80496B7B-068A-4A1E-B0BB-4B1FFF3FA616}.ReleaseSigned|Any CPU.Build.0 = ReleaseSigned|Any CPU
		{80496B7B-068A-4A1E-B0BB-4B1FFF3FA616}.ReleaseSigned|Mixed Platforms.ActiveCfg = ReleaseSigned|x64
		{80496B7B-068A-4A1E-B0BB-4B1FFF3FA616}.ReleaseSigned|Mixed Platforms.Build.0 = ReleaseSigned|x64
		{80496B7B-068A-4A1E-B0BB-4B1FFF3FA616}.ReleaseSigned|x64.ActiveCfg = ReleaseSigned|x64
		{80496B7B-068A-4A1E-B0BB-4B1FFF3FA616}.ReleaseSigned|x64.Build.0 = ReleaseSigned|x64
		{80496B7B-068A-4A1E-B0BB-4B1FFF3FA616}.ReleaseSigned|x86.ActiveCfg = ReleaseSigned|x64
		{2AC37C6A-41DE-4341-88A4-A79F209BBA83}.Debug|Any CPU.ActiveCfg = Debug|Any CPU
		{2AC37C6A-41DE-4341-88A4-A79F209BBA83}.Debug|Any CPU.Build.0 = Debug|Any CPU
		{2AC37C6A-41DE-4341-88A4-A79F209BBA83}.Debug|Mixed Platforms.ActiveCfg = Debug|Any CPU
		{2AC37C6A-41DE-4341-88A4-A79F209BBA83}.Debug|Mixed Platforms.Build.0 = Debug|Any CPU
		{2AC37C6A-41DE-4341-88A4-A79F209BBA83}.Debug|x64.ActiveCfg = Debug|x64
		{2AC37C6A-41DE-4341-88A4-A79F209BBA83}.Debug|x64.Build.0 = Debug|x64
		{2AC37C6A-41DE-4341-88A4-A79F209BBA83}.Debug|x86.ActiveCfg = Debug|x64
		{2AC37C6A-41DE-4341-88A4-A79F209BBA83}.DebugVS|Any CPU.ActiveCfg = Debug|Any CPU
		{2AC37C6A-41DE-4341-88A4-A79F209BBA83}.DebugVS|Any CPU.Build.0 = Debug|Any CPU
		{2AC37C6A-41DE-4341-88A4-A79F209BBA83}.DebugVS|Mixed Platforms.ActiveCfg = Debug|x64
		{2AC37C6A-41DE-4341-88A4-A79F209BBA83}.DebugVS|Mixed Platforms.Build.0 = Debug|x64
		{2AC37C6A-41DE-4341-88A4-A79F209BBA83}.DebugVS|x64.ActiveCfg = Debug|x64
		{2AC37C6A-41DE-4341-88A4-A79F209BBA83}.DebugVS|x64.Build.0 = Debug|x64
		{2AC37C6A-41DE-4341-88A4-A79F209BBA83}.DebugVS|x86.ActiveCfg = Debug|x64
		{2AC37C6A-41DE-4341-88A4-A79F209BBA83}.Release|Any CPU.ActiveCfg = Release|Any CPU
		{2AC37C6A-41DE-4341-88A4-A79F209BBA83}.Release|Any CPU.Build.0 = Release|Any CPU
		{2AC37C6A-41DE-4341-88A4-A79F209BBA83}.Release|Mixed Platforms.ActiveCfg = Release|x64
		{2AC37C6A-41DE-4341-88A4-A79F209BBA83}.Release|Mixed Platforms.Build.0 = Release|x64
		{2AC37C6A-41DE-4341-88A4-A79F209BBA83}.Release|x64.ActiveCfg = Release|x64
		{2AC37C6A-41DE-4341-88A4-A79F209BBA83}.Release|x64.Build.0 = Release|x64
		{2AC37C6A-41DE-4341-88A4-A79F209BBA83}.Release|x86.ActiveCfg = Release|x64
		{2AC37C6A-41DE-4341-88A4-A79F209BBA83}.ReleaseSigned|Any CPU.ActiveCfg = ReleaseSigned|Any CPU
		{2AC37C6A-41DE-4341-88A4-A79F209BBA83}.ReleaseSigned|Any CPU.Build.0 = ReleaseSigned|Any CPU
		{2AC37C6A-41DE-4341-88A4-A79F209BBA83}.ReleaseSigned|Mixed Platforms.ActiveCfg = ReleaseSigned|x64
		{2AC37C6A-41DE-4341-88A4-A79F209BBA83}.ReleaseSigned|Mixed Platforms.Build.0 = ReleaseSigned|x64
		{2AC37C6A-41DE-4341-88A4-A79F209BBA83}.ReleaseSigned|x64.ActiveCfg = ReleaseSigned|x64
		{2AC37C6A-41DE-4341-88A4-A79F209BBA83}.ReleaseSigned|x64.Build.0 = ReleaseSigned|x64
		{2AC37C6A-41DE-4341-88A4-A79F209BBA83}.ReleaseSigned|x86.ActiveCfg = ReleaseSigned|x64
		{3958B2D7-74CF-44D5-99BA-CF280782F380}.Debug|Any CPU.ActiveCfg = Debug|Any CPU
		{3958B2D7-74CF-44D5-99BA-CF280782F380}.Debug|Any CPU.Build.0 = Debug|Any CPU
		{3958B2D7-74CF-44D5-99BA-CF280782F380}.Debug|Mixed Platforms.ActiveCfg = Debug|Any CPU
		{3958B2D7-74CF-44D5-99BA-CF280782F380}.Debug|Mixed Platforms.Build.0 = Debug|Any CPU
		{3958B2D7-74CF-44D5-99BA-CF280782F380}.Debug|x64.ActiveCfg = Debug|x64
		{3958B2D7-74CF-44D5-99BA-CF280782F380}.Debug|x64.Build.0 = Debug|x64
		{3958B2D7-74CF-44D5-99BA-CF280782F380}.Debug|x86.ActiveCfg = Debug|x64
		{3958B2D7-74CF-44D5-99BA-CF280782F380}.DebugVS|Any CPU.ActiveCfg = Debug|Any CPU
		{3958B2D7-74CF-44D5-99BA-CF280782F380}.DebugVS|Any CPU.Build.0 = Debug|Any CPU
		{3958B2D7-74CF-44D5-99BA-CF280782F380}.DebugVS|Mixed Platforms.ActiveCfg = Debug|x64
		{3958B2D7-74CF-44D5-99BA-CF280782F380}.DebugVS|Mixed Platforms.Build.0 = Debug|x64
		{3958B2D7-74CF-44D5-99BA-CF280782F380}.DebugVS|x64.ActiveCfg = Debug|x64
		{3958B2D7-74CF-44D5-99BA-CF280782F380}.DebugVS|x64.Build.0 = Debug|x64
		{3958B2D7-74CF-44D5-99BA-CF280782F380}.DebugVS|x86.ActiveCfg = Debug|x64
		{3958B2D7-74CF-44D5-99BA-CF280782F380}.Release|Any CPU.ActiveCfg = Release|Any CPU
		{3958B2D7-74CF-44D5-99BA-CF280782F380}.Release|Any CPU.Build.0 = Release|Any CPU
		{3958B2D7-74CF-44D5-99BA-CF280782F380}.Release|Mixed Platforms.ActiveCfg = Release|x64
		{3958B2D7-74CF-44D5-99BA-CF280782F380}.Release|Mixed Platforms.Build.0 = Release|x64
		{3958B2D7-74CF-44D5-99BA-CF280782F380}.Release|x64.ActiveCfg = Release|x64
		{3958B2D7-74CF-44D5-99BA-CF280782F380}.Release|x64.Build.0 = Release|x64
		{3958B2D7-74CF-44D5-99BA-CF280782F380}.Release|x86.ActiveCfg = Release|x64
		{3958B2D7-74CF-44D5-99BA-CF280782F380}.ReleaseSigned|Any CPU.ActiveCfg = ReleaseSigned|Any CPU
		{3958B2D7-74CF-44D5-99BA-CF280782F380}.ReleaseSigned|Any CPU.Build.0 = ReleaseSigned|Any CPU
		{3958B2D7-74CF-44D5-99BA-CF280782F380}.ReleaseSigned|Mixed Platforms.ActiveCfg = ReleaseSigned|x64
		{3958B2D7-74CF-44D5-99BA-CF280782F380}.ReleaseSigned|Mixed Platforms.Build.0 = ReleaseSigned|x64
		{3958B2D7-74CF-44D5-99BA-CF280782F380}.ReleaseSigned|x64.ActiveCfg = ReleaseSigned|x64
		{3958B2D7-74CF-44D5-99BA-CF280782F380}.ReleaseSigned|x64.Build.0 = ReleaseSigned|x64
		{3958B2D7-74CF-44D5-99BA-CF280782F380}.ReleaseSigned|x86.ActiveCfg = ReleaseSigned|x64
		{CE97967B-7479-43B9-9561-776232AC5D47}.Debug|Any CPU.ActiveCfg = Debug|Any CPU
		{CE97967B-7479-43B9-9561-776232AC5D47}.Debug|Any CPU.Build.0 = Debug|Any CPU
		{CE97967B-7479-43B9-9561-776232AC5D47}.Debug|Mixed Platforms.ActiveCfg = Debug|Any CPU
		{CE97967B-7479-43B9-9561-776232AC5D47}.Debug|Mixed Platforms.Build.0 = Debug|Any CPU
		{CE97967B-7479-43B9-9561-776232AC5D47}.Debug|x64.ActiveCfg = Debug|Any CPU
		{CE97967B-7479-43B9-9561-776232AC5D47}.Debug|x86.ActiveCfg = Debug|Any CPU
		{CE97967B-7479-43B9-9561-776232AC5D47}.DebugVS|Any CPU.ActiveCfg = Debug|Any CPU
		{CE97967B-7479-43B9-9561-776232AC5D47}.DebugVS|Any CPU.Build.0 = Debug|Any CPU
		{CE97967B-7479-43B9-9561-776232AC5D47}.DebugVS|Mixed Platforms.ActiveCfg = Debug|Any CPU
		{CE97967B-7479-43B9-9561-776232AC5D47}.DebugVS|Mixed Platforms.Build.0 = Debug|Any CPU
		{CE97967B-7479-43B9-9561-776232AC5D47}.DebugVS|x64.ActiveCfg = Debug|Any CPU
		{CE97967B-7479-43B9-9561-776232AC5D47}.DebugVS|x86.ActiveCfg = Debug|Any CPU
		{CE97967B-7479-43B9-9561-776232AC5D47}.Release|Any CPU.ActiveCfg = Release|Any CPU
		{CE97967B-7479-43B9-9561-776232AC5D47}.Release|Any CPU.Build.0 = Release|Any CPU
		{CE97967B-7479-43B9-9561-776232AC5D47}.Release|Mixed Platforms.ActiveCfg = Release|Any CPU
		{CE97967B-7479-43B9-9561-776232AC5D47}.Release|Mixed Platforms.Build.0 = Release|Any CPU
		{CE97967B-7479-43B9-9561-776232AC5D47}.Release|x64.ActiveCfg = Release|Any CPU
		{CE97967B-7479-43B9-9561-776232AC5D47}.Release|x86.ActiveCfg = Release|Any CPU
		{CE97967B-7479-43B9-9561-776232AC5D47}.ReleaseSigned|Any CPU.ActiveCfg = Release|Any CPU
		{CE97967B-7479-43B9-9561-776232AC5D47}.ReleaseSigned|Any CPU.Build.0 = Release|Any CPU
		{CE97967B-7479-43B9-9561-776232AC5D47}.ReleaseSigned|Mixed Platforms.ActiveCfg = Release|Any CPU
		{CE97967B-7479-43B9-9561-776232AC5D47}.ReleaseSigned|Mixed Platforms.Build.0 = Release|Any CPU
		{CE97967B-7479-43B9-9561-776232AC5D47}.ReleaseSigned|x64.ActiveCfg = Release|Any CPU
		{CE97967B-7479-43B9-9561-776232AC5D47}.ReleaseSigned|x86.ActiveCfg = Release|Any CPU
		{0A513849-2690-4D07-8DE7-0ACE39645D12}.Debug|Any CPU.ActiveCfg = Debug|Any CPU
		{0A513849-2690-4D07-8DE7-0ACE39645D12}.Debug|Any CPU.Build.0 = Debug|Any CPU
		{0A513849-2690-4D07-8DE7-0ACE39645D12}.Debug|Mixed Platforms.ActiveCfg = Debug|Any CPU
		{0A513849-2690-4D07-8DE7-0ACE39645D12}.Debug|Mixed Platforms.Build.0 = Debug|Any CPU
		{0A513849-2690-4D07-8DE7-0ACE39645D12}.Debug|x64.ActiveCfg = Debug|Any CPU
		{0A513849-2690-4D07-8DE7-0ACE39645D12}.Debug|x86.ActiveCfg = Debug|Any CPU
		{0A513849-2690-4D07-8DE7-0ACE39645D12}.DebugVS|Any CPU.ActiveCfg = Debug|Any CPU
		{0A513849-2690-4D07-8DE7-0ACE39645D12}.DebugVS|Any CPU.Build.0 = Debug|Any CPU
		{0A513849-2690-4D07-8DE7-0ACE39645D12}.DebugVS|Mixed Platforms.ActiveCfg = Debug|Any CPU
		{0A513849-2690-4D07-8DE7-0ACE39645D12}.DebugVS|Mixed Platforms.Build.0 = Debug|Any CPU
		{0A513849-2690-4D07-8DE7-0ACE39645D12}.DebugVS|x64.ActiveCfg = Debug|Any CPU
		{0A513849-2690-4D07-8DE7-0ACE39645D12}.DebugVS|x86.ActiveCfg = Debug|Any CPU
		{0A513849-2690-4D07-8DE7-0ACE39645D12}.Release|Any CPU.ActiveCfg = Release|Any CPU
		{0A513849-2690-4D07-8DE7-0ACE39645D12}.Release|Any CPU.Build.0 = Release|Any CPU
		{0A513849-2690-4D07-8DE7-0ACE39645D12}.Release|Mixed Platforms.ActiveCfg = Release|Any CPU
		{0A513849-2690-4D07-8DE7-0ACE39645D12}.Release|Mixed Platforms.Build.0 = Release|Any CPU
		{0A513849-2690-4D07-8DE7-0ACE39645D12}.Release|x64.ActiveCfg = Release|Any CPU
		{0A513849-2690-4D07-8DE7-0ACE39645D12}.Release|x86.ActiveCfg = Release|Any CPU
		{0A513849-2690-4D07-8DE7-0ACE39645D12}.ReleaseSigned|Any CPU.ActiveCfg = Release|Any CPU
		{0A513849-2690-4D07-8DE7-0ACE39645D12}.ReleaseSigned|Any CPU.Build.0 = Release|Any CPU
		{0A513849-2690-4D07-8DE7-0ACE39645D12}.ReleaseSigned|Mixed Platforms.ActiveCfg = Release|Any CPU
		{0A513849-2690-4D07-8DE7-0ACE39645D12}.ReleaseSigned|Mixed Platforms.Build.0 = Release|Any CPU
		{0A513849-2690-4D07-8DE7-0ACE39645D12}.ReleaseSigned|x64.ActiveCfg = Release|Any CPU
		{0A513849-2690-4D07-8DE7-0ACE39645D12}.ReleaseSigned|x86.ActiveCfg = Release|Any CPU
		{4BC0E3D3-6EDD-43AA-8F15-DCFED8ACC93D}.Debug|Any CPU.ActiveCfg = Debug|Any CPU
		{4BC0E3D3-6EDD-43AA-8F15-DCFED8ACC93D}.Debug|Any CPU.Build.0 = Debug|Any CPU
		{4BC0E3D3-6EDD-43AA-8F15-DCFED8ACC93D}.Debug|Mixed Platforms.ActiveCfg = Debug|Any CPU
		{4BC0E3D3-6EDD-43AA-8F15-DCFED8ACC93D}.Debug|Mixed Platforms.Build.0 = Debug|Any CPU
		{4BC0E3D3-6EDD-43AA-8F15-DCFED8ACC93D}.Debug|x64.ActiveCfg = Debug|Any CPU
		{4BC0E3D3-6EDD-43AA-8F15-DCFED8ACC93D}.Debug|x86.ActiveCfg = Debug|Any CPU
		{4BC0E3D3-6EDD-43AA-8F15-DCFED8ACC93D}.DebugVS|Any CPU.ActiveCfg = Debug|Any CPU
		{4BC0E3D3-6EDD-43AA-8F15-DCFED8ACC93D}.DebugVS|Any CPU.Build.0 = Debug|Any CPU
		{4BC0E3D3-6EDD-43AA-8F15-DCFED8ACC93D}.DebugVS|Mixed Platforms.ActiveCfg = Debug|Any CPU
		{4BC0E3D3-6EDD-43AA-8F15-DCFED8ACC93D}.DebugVS|Mixed Platforms.Build.0 = Debug|Any CPU
		{4BC0E3D3-6EDD-43AA-8F15-DCFED8ACC93D}.DebugVS|x64.ActiveCfg = Debug|Any CPU
		{4BC0E3D3-6EDD-43AA-8F15-DCFED8ACC93D}.DebugVS|x86.ActiveCfg = Debug|Any CPU
		{4BC0E3D3-6EDD-43AA-8F15-DCFED8ACC93D}.Release|Any CPU.ActiveCfg = Release|Any CPU
		{4BC0E3D3-6EDD-43AA-8F15-DCFED8ACC93D}.Release|Any CPU.Build.0 = Release|Any CPU
		{4BC0E3D3-6EDD-43AA-8F15-DCFED8ACC93D}.Release|Mixed Platforms.ActiveCfg = Release|Any CPU
		{4BC0E3D3-6EDD-43AA-8F15-DCFED8ACC93D}.Release|Mixed Platforms.Build.0 = Release|Any CPU
		{4BC0E3D3-6EDD-43AA-8F15-DCFED8ACC93D}.Release|x64.ActiveCfg = Release|Any CPU
		{4BC0E3D3-6EDD-43AA-8F15-DCFED8ACC93D}.Release|x86.ActiveCfg = Release|Any CPU
		{4BC0E3D3-6EDD-43AA-8F15-DCFED8ACC93D}.ReleaseSigned|Any CPU.ActiveCfg = Release|Any CPU
		{4BC0E3D3-6EDD-43AA-8F15-DCFED8ACC93D}.ReleaseSigned|Any CPU.Build.0 = Release|Any CPU
		{4BC0E3D3-6EDD-43AA-8F15-DCFED8ACC93D}.ReleaseSigned|Mixed Platforms.ActiveCfg = Release|Any CPU
		{4BC0E3D3-6EDD-43AA-8F15-DCFED8ACC93D}.ReleaseSigned|Mixed Platforms.Build.0 = Release|Any CPU
		{4BC0E3D3-6EDD-43AA-8F15-DCFED8ACC93D}.ReleaseSigned|x64.ActiveCfg = Release|Any CPU
		{4BC0E3D3-6EDD-43AA-8F15-DCFED8ACC93D}.ReleaseSigned|x86.ActiveCfg = Release|Any CPU
	EndGlobalSection
	GlobalSection(SolutionProperties) = preSolution
		HideSolutionNode = FALSE
	EndGlobalSection
EndGlobal
