
Microsoft Visual Studio Solution File, Format Version 12.00
# Visual Studio 2012
Project("{2150E333-8FDC-42A3-9474-1A3956D46DE8}") = "Solution Items", "Solution Items", "{8531411A-0137-4E27-9C5E-49E07C245048}"
	ProjectSection(SolutionItems) = preProject
		local.runsettings = local.runsettings
		Local.testsettings = Local.testsettings
	EndProjectSection
EndProject
Project("{FAE04EC0-301F-11D3-BF4B-00C04F79EFBC}") = "Commands", "Commands\Commands.csproj", "{CD5AA507-F5EF-473D-855B-84B91A1ABE54}"
EndProject
Project("{FAE04EC0-301F-11D3-BF4B-00C04F79EFBC}") = "Commands.Test", "Commands.Test\Commands.Test.csproj", "{B7FD03F6-98BC-4F54-9A14-0455E579FCD4}"
EndProject
Project("{FAE04EC0-301F-11D3-BF4B-00C04F79EFBC}") = "Commands.SqlDatabase", "Commands.SqlDatabase\Commands.SqlDatabase.csproj", "{DDF5D225-C9C5-42B7-BDB5-2C3646E479AA}"
EndProject
Project("{FAE04EC0-301F-11D3-BF4B-00C04F79EFBC}") = "Commands.SqlDatabase.Test", "Commands.SqlDatabase.Test\Commands.SqlDatabase.Test.csproj", "{37455286-D8A7-4E0C-8B4D-C517D20C641A}"
EndProject
Project("{FAE04EC0-301F-11D3-BF4B-00C04F79EFBC}") = "ServiceManagement.Additions", "ServiceManagement.Additions\ServiceManagement.Additions.csproj", "{DA1432AF-D6B5-47A1-8B74-CCD740683E0F}"
EndProject
Project("{FAE04EC0-301F-11D3-BF4B-00C04F79EFBC}") = "Commands.Storage", "Commands.Storage\Commands.Storage.csproj", "{08CF7DA7-0392-4A19-B79B-E1FF67CDB81A}"
EndProject
Project("{FAE04EC0-301F-11D3-BF4B-00C04F79EFBC}") = "Commands.Storage.Test", "Commands.Storage.Test\Commands.Storage.Test.csproj", "{D6F470A6-7395-4B8B-9D29-44DF0EC8F624}"
EndProject
Project("{FAE04EC0-301F-11D3-BF4B-00C04F79EFBC}") = "Commands.ScenarioTest", "Commands.ScenarioTest\Commands.ScenarioTest.csproj", "{A3965B66-5A3E-4B8C-9574-28E5958D4828}"
	ProjectSection(ProjectDependencies) = postProject
		{CD5AA507-F5EF-473D-855B-84B91A1ABE54} = {CD5AA507-F5EF-473D-855B-84B91A1ABE54}
		{DDF5D225-C9C5-42B7-BDB5-2C3646E479AA} = {DDF5D225-C9C5-42B7-BDB5-2C3646E479AA}
	EndProjectSection
EndProject
Project("{FAE04EC0-301F-11D3-BF4B-00C04F79EFBC}") = "ConsoleAppUtils", "ConsoleAppUtils\ConsoleAppUtils.csproj", "{ED57ECAF-AD30-4C7A-99A6-8757A83B19F0}"
EndProject
Project("{FAE04EC0-301F-11D3-BF4B-00C04F79EFBC}") = "Commands.ServiceManagement", "Commands.ServiceManagement\Commands.ServiceManagement.csproj", "{E1CA72BA-8374-45F6-904D-FD34ECDF5B6F}"
EndProject
Project("{FAE04EC0-301F-11D3-BF4B-00C04F79EFBC}") = "Commands.ServiceManagement.Test", "Commands.ServiceManagement.Test\Commands.ServiceManagement.Test.csproj", "{58A78F29-8C0C-4A5E-893E-3953C0F29C8A}"
EndProject
Project("{FAE04EC0-301F-11D3-BF4B-00C04F79EFBC}") = "Sync", "Sync\Sync.csproj", "{73820CBC-F4EB-4C5E-B4F0-CC4A93FBF157}"
EndProject
Project("{FAE04EC0-301F-11D3-BF4B-00C04F79EFBC}") = "VhdManagement", "VhdManagement\VhdManagement.csproj", "{80496B7B-068A-4A1E-B0BB-4B1FFF3FA616}"
EndProject
Project("{FAE04EC0-301F-11D3-BF4B-00C04F79EFBC}") = "Commands.Utilities", "Commands.Utilities\Commands.Utilities.csproj", "{4900EC4E-8DEB-4412-9108-0BC52F81D457}"
EndProject
Project("{FAE04EC0-301F-11D3-BF4B-00C04F79EFBC}") = "Commands.Test.Utilities", "Commands.Test.Utilities\Commands.Test.Utilities.csproj", "{BC420543-C04E-4BF3-96E1-CD81B823BDD7}"
EndProject
Project("{FAE04EC0-301F-11D3-BF4B-00C04F79EFBC}") = "Commands.Storage.MsTestLib", "Commands.Storage.MsTestLib\Commands.Storage.MsTestLib.csproj", "{CE97967B-7479-43B9-9561-776232AC5D47}"
EndProject
Project("{FAE04EC0-301F-11D3-BF4B-00C04F79EFBC}") = "Commands.Storage.StorageTestLib", "Commands.Storage.StorageTestLib\Commands.Storage.StorageTestLib.csproj", "{0A513849-2690-4D07-8DE7-0ACE39645D12}"
EndProject
Project("{FAE04EC0-301F-11D3-BF4B-00C04F79EFBC}") = "Commands.Storage.ScenarioTest", "Commands.Storage.ScenarioTest\Commands.Storage.ScenarioTest.csproj", "{4BC0E3D3-6EDD-43AA-8F15-DCFED8ACC93D}"
EndProject
Project("{FAE04EC0-301F-11D3-BF4B-00C04F79EFBC}") = "Commands.Storage.MsTest2", "Commands.Storage.MsTest2\Commands.Storage.MsTest2.csproj", "{9D5A40CA-5594-4F5C-8230-7ADF7CC0558E}"
EndProject
Project("{FAE04EC0-301F-11D3-BF4B-00C04F79EFBC}") = "Commands.ServiceManagement.PlatformImageRepository", "Commands.ServiceManagement.PlatformImageRepository\Commands.ServiceManagement.PlatformImageRepository.csproj", "{6478FA8B-3801-4863-8591-87F0855D5C82}"
EndProject
Global
	GlobalSection(SolutionConfigurationPlatforms) = preSolution
		Debug|Any CPU = Debug|Any CPU
		Debug|x64 = Debug|x64
		Release|Any CPU = Release|Any CPU
		Release|x64 = Release|x64
		ReleaseSigned|Any CPU = ReleaseSigned|Any CPU
		ReleaseSigned|x64 = ReleaseSigned|x64
	EndGlobalSection
	GlobalSection(ProjectConfigurationPlatforms) = postSolution
		{CD5AA507-F5EF-473D-855B-84B91A1ABE54}.Debug|Any CPU.ActiveCfg = Debug|Any CPU
		{CD5AA507-F5EF-473D-855B-84B91A1ABE54}.Debug|Any CPU.Build.0 = Debug|Any CPU
		{CD5AA507-F5EF-473D-855B-84B91A1ABE54}.Debug|x64.ActiveCfg = Debug|x64
		{CD5AA507-F5EF-473D-855B-84B91A1ABE54}.Debug|x64.Build.0 = Debug|x64
		{CD5AA507-F5EF-473D-855B-84B91A1ABE54}.Release|Any CPU.ActiveCfg = Release|Any CPU
		{CD5AA507-F5EF-473D-855B-84B91A1ABE54}.Release|Any CPU.Build.0 = Release|Any CPU
		{CD5AA507-F5EF-473D-855B-84B91A1ABE54}.Release|x64.ActiveCfg = Release|x64
		{CD5AA507-F5EF-473D-855B-84B91A1ABE54}.Release|x64.Build.0 = Release|x64
		{CD5AA507-F5EF-473D-855B-84B91A1ABE54}.ReleaseSigned|Any CPU.ActiveCfg = ReleaseSigned|Any CPU
		{CD5AA507-F5EF-473D-855B-84B91A1ABE54}.ReleaseSigned|Any CPU.Build.0 = ReleaseSigned|Any CPU
		{CD5AA507-F5EF-473D-855B-84B91A1ABE54}.ReleaseSigned|x64.ActiveCfg = ReleaseSigned|x64
		{CD5AA507-F5EF-473D-855B-84B91A1ABE54}.ReleaseSigned|x64.Build.0 = ReleaseSigned|x64
		{B7FD03F6-98BC-4F54-9A14-0455E579FCD4}.Debug|Any CPU.ActiveCfg = Debug|Any CPU
		{B7FD03F6-98BC-4F54-9A14-0455E579FCD4}.Debug|Any CPU.Build.0 = Debug|Any CPU
		{B7FD03F6-98BC-4F54-9A14-0455E579FCD4}.Debug|x64.ActiveCfg = Debug|x64
		{B7FD03F6-98BC-4F54-9A14-0455E579FCD4}.Debug|x64.Build.0 = Debug|x64
		{B7FD03F6-98BC-4F54-9A14-0455E579FCD4}.Release|Any CPU.ActiveCfg = Release|Any CPU
		{B7FD03F6-98BC-4F54-9A14-0455E579FCD4}.Release|Any CPU.Build.0 = Release|Any CPU
		{B7FD03F6-98BC-4F54-9A14-0455E579FCD4}.Release|x64.ActiveCfg = Release|x64
		{B7FD03F6-98BC-4F54-9A14-0455E579FCD4}.Release|x64.Build.0 = Release|x64
		{B7FD03F6-98BC-4F54-9A14-0455E579FCD4}.ReleaseSigned|Any CPU.ActiveCfg = ReleaseSigned|Any CPU
		{B7FD03F6-98BC-4F54-9A14-0455E579FCD4}.ReleaseSigned|Any CPU.Build.0 = ReleaseSigned|Any CPU
		{B7FD03F6-98BC-4F54-9A14-0455E579FCD4}.ReleaseSigned|x64.ActiveCfg = ReleaseSigned|x64
		{B7FD03F6-98BC-4F54-9A14-0455E579FCD4}.ReleaseSigned|x64.Build.0 = ReleaseSigned|x64
		{DDF5D225-C9C5-42B7-BDB5-2C3646E479AA}.Debug|Any CPU.ActiveCfg = Debug|Any CPU
		{DDF5D225-C9C5-42B7-BDB5-2C3646E479AA}.Debug|Any CPU.Build.0 = Debug|Any CPU
		{DDF5D225-C9C5-42B7-BDB5-2C3646E479AA}.Debug|x64.ActiveCfg = Debug|x64
		{DDF5D225-C9C5-42B7-BDB5-2C3646E479AA}.Debug|x64.Build.0 = Debug|x64
		{DDF5D225-C9C5-42B7-BDB5-2C3646E479AA}.Release|Any CPU.ActiveCfg = Release|Any CPU
		{DDF5D225-C9C5-42B7-BDB5-2C3646E479AA}.Release|Any CPU.Build.0 = Release|Any CPU
		{DDF5D225-C9C5-42B7-BDB5-2C3646E479AA}.Release|x64.ActiveCfg = Release|x64
		{DDF5D225-C9C5-42B7-BDB5-2C3646E479AA}.Release|x64.Build.0 = Release|x64
		{DDF5D225-C9C5-42B7-BDB5-2C3646E479AA}.ReleaseSigned|Any CPU.ActiveCfg = ReleaseSigned|Any CPU
		{DDF5D225-C9C5-42B7-BDB5-2C3646E479AA}.ReleaseSigned|Any CPU.Build.0 = ReleaseSigned|Any CPU
		{DDF5D225-C9C5-42B7-BDB5-2C3646E479AA}.ReleaseSigned|x64.ActiveCfg = ReleaseSigned|x64
		{DDF5D225-C9C5-42B7-BDB5-2C3646E479AA}.ReleaseSigned|x64.Build.0 = ReleaseSigned|x64
		{37455286-D8A7-4E0C-8B4D-C517D20C641A}.Debug|Any CPU.ActiveCfg = Debug|Any CPU
		{37455286-D8A7-4E0C-8B4D-C517D20C641A}.Debug|Any CPU.Build.0 = Debug|Any CPU
		{37455286-D8A7-4E0C-8B4D-C517D20C641A}.Debug|x64.ActiveCfg = Debug|x64
		{37455286-D8A7-4E0C-8B4D-C517D20C641A}.Debug|x64.Build.0 = Debug|x64
		{37455286-D8A7-4E0C-8B4D-C517D20C641A}.Release|Any CPU.ActiveCfg = Release|Any CPU
		{37455286-D8A7-4E0C-8B4D-C517D20C641A}.Release|Any CPU.Build.0 = Release|Any CPU
		{37455286-D8A7-4E0C-8B4D-C517D20C641A}.Release|x64.ActiveCfg = Release|x64
		{37455286-D8A7-4E0C-8B4D-C517D20C641A}.Release|x64.Build.0 = Release|x64
		{37455286-D8A7-4E0C-8B4D-C517D20C641A}.ReleaseSigned|Any CPU.ActiveCfg = ReleaseSigned|Any CPU
		{37455286-D8A7-4E0C-8B4D-C517D20C641A}.ReleaseSigned|Any CPU.Build.0 = ReleaseSigned|Any CPU
		{37455286-D8A7-4E0C-8B4D-C517D20C641A}.ReleaseSigned|x64.ActiveCfg = ReleaseSigned|x64
		{37455286-D8A7-4E0C-8B4D-C517D20C641A}.ReleaseSigned|x64.Build.0 = ReleaseSigned|x64
		{DA1432AF-D6B5-47A1-8B74-CCD740683E0F}.Debug|Any CPU.ActiveCfg = Debug|Any CPU
		{DA1432AF-D6B5-47A1-8B74-CCD740683E0F}.Debug|Any CPU.Build.0 = Debug|Any CPU
		{DA1432AF-D6B5-47A1-8B74-CCD740683E0F}.Debug|x64.ActiveCfg = Debug|x64
		{DA1432AF-D6B5-47A1-8B74-CCD740683E0F}.Debug|x64.Build.0 = Debug|x64
		{DA1432AF-D6B5-47A1-8B74-CCD740683E0F}.Release|Any CPU.ActiveCfg = Release|Any CPU
		{DA1432AF-D6B5-47A1-8B74-CCD740683E0F}.Release|Any CPU.Build.0 = Release|Any CPU
		{DA1432AF-D6B5-47A1-8B74-CCD740683E0F}.Release|x64.ActiveCfg = Release|x64
		{DA1432AF-D6B5-47A1-8B74-CCD740683E0F}.Release|x64.Build.0 = Release|x64
		{DA1432AF-D6B5-47A1-8B74-CCD740683E0F}.ReleaseSigned|Any CPU.ActiveCfg = ReleaseSigned|Any CPU
		{DA1432AF-D6B5-47A1-8B74-CCD740683E0F}.ReleaseSigned|Any CPU.Build.0 = ReleaseSigned|Any CPU
		{DA1432AF-D6B5-47A1-8B74-CCD740683E0F}.ReleaseSigned|x64.ActiveCfg = ReleaseSigned|x64
		{DA1432AF-D6B5-47A1-8B74-CCD740683E0F}.ReleaseSigned|x64.Build.0 = ReleaseSigned|x64
		{08CF7DA7-0392-4A19-B79B-E1FF67CDB81A}.Debug|Any CPU.ActiveCfg = Debug|Any CPU
		{08CF7DA7-0392-4A19-B79B-E1FF67CDB81A}.Debug|Any CPU.Build.0 = Debug|Any CPU
		{08CF7DA7-0392-4A19-B79B-E1FF67CDB81A}.Debug|x64.ActiveCfg = Debug|x64
		{08CF7DA7-0392-4A19-B79B-E1FF67CDB81A}.Debug|x64.Build.0 = Debug|x64
		{08CF7DA7-0392-4A19-B79B-E1FF67CDB81A}.Release|Any CPU.ActiveCfg = Release|Any CPU
		{08CF7DA7-0392-4A19-B79B-E1FF67CDB81A}.Release|Any CPU.Build.0 = Release|Any CPU
		{08CF7DA7-0392-4A19-B79B-E1FF67CDB81A}.Release|x64.ActiveCfg = Release|x64
		{08CF7DA7-0392-4A19-B79B-E1FF67CDB81A}.Release|x64.Build.0 = Release|x64
		{08CF7DA7-0392-4A19-B79B-E1FF67CDB81A}.ReleaseSigned|Any CPU.ActiveCfg = ReleaseSigned|Any CPU
		{08CF7DA7-0392-4A19-B79B-E1FF67CDB81A}.ReleaseSigned|Any CPU.Build.0 = ReleaseSigned|Any CPU
		{08CF7DA7-0392-4A19-B79B-E1FF67CDB81A}.ReleaseSigned|x64.ActiveCfg = ReleaseSigned|x64
		{08CF7DA7-0392-4A19-B79B-E1FF67CDB81A}.ReleaseSigned|x64.Build.0 = ReleaseSigned|x64
		{D6F470A6-7395-4B8B-9D29-44DF0EC8F624}.Debug|Any CPU.ActiveCfg = Debug|Any CPU
		{D6F470A6-7395-4B8B-9D29-44DF0EC8F624}.Debug|Any CPU.Build.0 = Debug|Any CPU
		{D6F470A6-7395-4B8B-9D29-44DF0EC8F624}.Debug|x64.ActiveCfg = Debug|x64
		{D6F470A6-7395-4B8B-9D29-44DF0EC8F624}.Debug|x64.Build.0 = Debug|x64
		{D6F470A6-7395-4B8B-9D29-44DF0EC8F624}.Release|Any CPU.ActiveCfg = Release|Any CPU
		{D6F470A6-7395-4B8B-9D29-44DF0EC8F624}.Release|Any CPU.Build.0 = Release|Any CPU
		{D6F470A6-7395-4B8B-9D29-44DF0EC8F624}.Release|x64.ActiveCfg = Release|x64
		{D6F470A6-7395-4B8B-9D29-44DF0EC8F624}.Release|x64.Build.0 = Release|x64
		{D6F470A6-7395-4B8B-9D29-44DF0EC8F624}.ReleaseSigned|Any CPU.ActiveCfg = ReleaseSigned|Any CPU
		{D6F470A6-7395-4B8B-9D29-44DF0EC8F624}.ReleaseSigned|Any CPU.Build.0 = ReleaseSigned|Any CPU
		{D6F470A6-7395-4B8B-9D29-44DF0EC8F624}.ReleaseSigned|x64.ActiveCfg = ReleaseSigned|x64
		{D6F470A6-7395-4B8B-9D29-44DF0EC8F624}.ReleaseSigned|x64.Build.0 = ReleaseSigned|x64
		{A3965B66-5A3E-4B8C-9574-28E5958D4828}.Debug|Any CPU.ActiveCfg = Debug|Any CPU
		{A3965B66-5A3E-4B8C-9574-28E5958D4828}.Debug|Any CPU.Build.0 = Debug|Any CPU
		{A3965B66-5A3E-4B8C-9574-28E5958D4828}.Debug|x64.ActiveCfg = Debug|x64
		{A3965B66-5A3E-4B8C-9574-28E5958D4828}.Debug|x64.Build.0 = Debug|x64
		{A3965B66-5A3E-4B8C-9574-28E5958D4828}.Release|Any CPU.ActiveCfg = Release|Any CPU
		{A3965B66-5A3E-4B8C-9574-28E5958D4828}.Release|Any CPU.Build.0 = Release|Any CPU
		{A3965B66-5A3E-4B8C-9574-28E5958D4828}.Release|x64.ActiveCfg = Release|x64
		{A3965B66-5A3E-4B8C-9574-28E5958D4828}.Release|x64.Build.0 = Release|x64
		{A3965B66-5A3E-4B8C-9574-28E5958D4828}.ReleaseSigned|Any CPU.ActiveCfg = ReleaseSigned|Any CPU
		{A3965B66-5A3E-4B8C-9574-28E5958D4828}.ReleaseSigned|Any CPU.Build.0 = ReleaseSigned|Any CPU
		{A3965B66-5A3E-4B8C-9574-28E5958D4828}.ReleaseSigned|x64.ActiveCfg = ReleaseSigned|x64
		{A3965B66-5A3E-4B8C-9574-28E5958D4828}.ReleaseSigned|x64.Build.0 = ReleaseSigned|x64
		{ED57ECAF-AD30-4C7A-99A6-8757A83B19F0}.Debug|Any CPU.ActiveCfg = Debug|Any CPU
		{ED57ECAF-AD30-4C7A-99A6-8757A83B19F0}.Debug|Any CPU.Build.0 = Debug|Any CPU
		{ED57ECAF-AD30-4C7A-99A6-8757A83B19F0}.Debug|x64.ActiveCfg = Debug|x64
		{ED57ECAF-AD30-4C7A-99A6-8757A83B19F0}.Debug|x64.Build.0 = Debug|x64
		{ED57ECAF-AD30-4C7A-99A6-8757A83B19F0}.Release|Any CPU.ActiveCfg = Release|Any CPU
		{ED57ECAF-AD30-4C7A-99A6-8757A83B19F0}.Release|Any CPU.Build.0 = Release|Any CPU
		{ED57ECAF-AD30-4C7A-99A6-8757A83B19F0}.Release|x64.ActiveCfg = Release|x64
		{ED57ECAF-AD30-4C7A-99A6-8757A83B19F0}.Release|x64.Build.0 = Release|x64
		{ED57ECAF-AD30-4C7A-99A6-8757A83B19F0}.ReleaseSigned|Any CPU.ActiveCfg = ReleaseSigned|Any CPU
		{ED57ECAF-AD30-4C7A-99A6-8757A83B19F0}.ReleaseSigned|Any CPU.Build.0 = ReleaseSigned|Any CPU
		{ED57ECAF-AD30-4C7A-99A6-8757A83B19F0}.ReleaseSigned|x64.ActiveCfg = ReleaseSigned|x64
		{ED57ECAF-AD30-4C7A-99A6-8757A83B19F0}.ReleaseSigned|x64.Build.0 = ReleaseSigned|x64
		{E1CA72BA-8374-45F6-904D-FD34ECDF5B6F}.Debug|Any CPU.ActiveCfg = Debug|Any CPU
		{E1CA72BA-8374-45F6-904D-FD34ECDF5B6F}.Debug|Any CPU.Build.0 = Debug|Any CPU
		{E1CA72BA-8374-45F6-904D-FD34ECDF5B6F}.Debug|x64.ActiveCfg = Debug|x64
		{E1CA72BA-8374-45F6-904D-FD34ECDF5B6F}.Debug|x64.Build.0 = Debug|x64
		{E1CA72BA-8374-45F6-904D-FD34ECDF5B6F}.Release|Any CPU.ActiveCfg = Release|Any CPU
		{E1CA72BA-8374-45F6-904D-FD34ECDF5B6F}.Release|Any CPU.Build.0 = Release|Any CPU
		{E1CA72BA-8374-45F6-904D-FD34ECDF5B6F}.Release|x64.ActiveCfg = Release|x64
		{E1CA72BA-8374-45F6-904D-FD34ECDF5B6F}.Release|x64.Build.0 = Release|x64
		{E1CA72BA-8374-45F6-904D-FD34ECDF5B6F}.ReleaseSigned|Any CPU.ActiveCfg = ReleaseSigned|Any CPU
		{E1CA72BA-8374-45F6-904D-FD34ECDF5B6F}.ReleaseSigned|Any CPU.Build.0 = ReleaseSigned|Any CPU
		{E1CA72BA-8374-45F6-904D-FD34ECDF5B6F}.ReleaseSigned|x64.ActiveCfg = ReleaseSigned|x64
		{E1CA72BA-8374-45F6-904D-FD34ECDF5B6F}.ReleaseSigned|x64.Build.0 = ReleaseSigned|x64
		{58A78F29-8C0C-4A5E-893E-3953C0F29C8A}.Debug|Any CPU.ActiveCfg = Debug|Any CPU
		{58A78F29-8C0C-4A5E-893E-3953C0F29C8A}.Debug|Any CPU.Build.0 = Debug|Any CPU
		{58A78F29-8C0C-4A5E-893E-3953C0F29C8A}.Debug|x64.ActiveCfg = Debug|x64
		{58A78F29-8C0C-4A5E-893E-3953C0F29C8A}.Debug|x64.Build.0 = Debug|x64
		{58A78F29-8C0C-4A5E-893E-3953C0F29C8A}.Release|Any CPU.ActiveCfg = Release|Any CPU
		{58A78F29-8C0C-4A5E-893E-3953C0F29C8A}.Release|Any CPU.Build.0 = Release|Any CPU
		{58A78F29-8C0C-4A5E-893E-3953C0F29C8A}.Release|x64.ActiveCfg = Release|x64
		{58A78F29-8C0C-4A5E-893E-3953C0F29C8A}.Release|x64.Build.0 = Release|x64
		{58A78F29-8C0C-4A5E-893E-3953C0F29C8A}.ReleaseSigned|Any CPU.ActiveCfg = ReleaseSigned|Any CPU
		{58A78F29-8C0C-4A5E-893E-3953C0F29C8A}.ReleaseSigned|Any CPU.Build.0 = ReleaseSigned|Any CPU
		{58A78F29-8C0C-4A5E-893E-3953C0F29C8A}.ReleaseSigned|x64.ActiveCfg = ReleaseSigned|x64
		{58A78F29-8C0C-4A5E-893E-3953C0F29C8A}.ReleaseSigned|x64.Build.0 = ReleaseSigned|x64
		{73820CBC-F4EB-4C5E-B4F0-CC4A93FBF157}.Debug|Any CPU.ActiveCfg = Debug|Any CPU
		{73820CBC-F4EB-4C5E-B4F0-CC4A93FBF157}.Debug|Any CPU.Build.0 = Debug|Any CPU
		{73820CBC-F4EB-4C5E-B4F0-CC4A93FBF157}.Debug|x64.ActiveCfg = Debug|x64
		{73820CBC-F4EB-4C5E-B4F0-CC4A93FBF157}.Debug|x64.Build.0 = Debug|x64
		{73820CBC-F4EB-4C5E-B4F0-CC4A93FBF157}.Release|Any CPU.ActiveCfg = Release|Any CPU
		{73820CBC-F4EB-4C5E-B4F0-CC4A93FBF157}.Release|Any CPU.Build.0 = Release|Any CPU
		{73820CBC-F4EB-4C5E-B4F0-CC4A93FBF157}.Release|x64.ActiveCfg = Release|x64
		{73820CBC-F4EB-4C5E-B4F0-CC4A93FBF157}.Release|x64.Build.0 = Release|x64
		{73820CBC-F4EB-4C5E-B4F0-CC4A93FBF157}.ReleaseSigned|Any CPU.ActiveCfg = ReleaseSigned|Any CPU
		{73820CBC-F4EB-4C5E-B4F0-CC4A93FBF157}.ReleaseSigned|Any CPU.Build.0 = ReleaseSigned|Any CPU
		{73820CBC-F4EB-4C5E-B4F0-CC4A93FBF157}.ReleaseSigned|x64.ActiveCfg = ReleaseSigned|x64
		{73820CBC-F4EB-4C5E-B4F0-CC4A93FBF157}.ReleaseSigned|x64.Build.0 = ReleaseSigned|x64
		{80496B7B-068A-4A1E-B0BB-4B1FFF3FA616}.Debug|Any CPU.ActiveCfg = Debug|Any CPU
		{80496B7B-068A-4A1E-B0BB-4B1FFF3FA616}.Debug|Any CPU.Build.0 = Debug|Any CPU
		{80496B7B-068A-4A1E-B0BB-4B1FFF3FA616}.Debug|x64.ActiveCfg = Debug|x64
		{80496B7B-068A-4A1E-B0BB-4B1FFF3FA616}.Debug|x64.Build.0 = Debug|x64
		{80496B7B-068A-4A1E-B0BB-4B1FFF3FA616}.Release|Any CPU.ActiveCfg = Release|Any CPU
		{80496B7B-068A-4A1E-B0BB-4B1FFF3FA616}.Release|Any CPU.Build.0 = Release|Any CPU
		{80496B7B-068A-4A1E-B0BB-4B1FFF3FA616}.Release|x64.ActiveCfg = Release|x64
		{80496B7B-068A-4A1E-B0BB-4B1FFF3FA616}.Release|x64.Build.0 = Release|x64
		{80496B7B-068A-4A1E-B0BB-4B1FFF3FA616}.ReleaseSigned|Any CPU.ActiveCfg = ReleaseSigned|Any CPU
		{80496B7B-068A-4A1E-B0BB-4B1FFF3FA616}.ReleaseSigned|Any CPU.Build.0 = ReleaseSigned|Any CPU
		{80496B7B-068A-4A1E-B0BB-4B1FFF3FA616}.ReleaseSigned|x64.ActiveCfg = ReleaseSigned|x64
		{80496B7B-068A-4A1E-B0BB-4B1FFF3FA616}.ReleaseSigned|x64.Build.0 = ReleaseSigned|x64
		{4900EC4E-8DEB-4412-9108-0BC52F81D457}.Debug|Any CPU.ActiveCfg = Debug|Any CPU
		{4900EC4E-8DEB-4412-9108-0BC52F81D457}.Debug|Any CPU.Build.0 = Debug|Any CPU
		{4900EC4E-8DEB-4412-9108-0BC52F81D457}.Debug|x64.ActiveCfg = Debug|x64
		{4900EC4E-8DEB-4412-9108-0BC52F81D457}.Debug|x64.Build.0 = Debug|x64
		{4900EC4E-8DEB-4412-9108-0BC52F81D457}.Release|Any CPU.ActiveCfg = Release|Any CPU
		{4900EC4E-8DEB-4412-9108-0BC52F81D457}.Release|Any CPU.Build.0 = Release|Any CPU
		{4900EC4E-8DEB-4412-9108-0BC52F81D457}.Release|x64.ActiveCfg = Release|x64
		{4900EC4E-8DEB-4412-9108-0BC52F81D457}.Release|x64.Build.0 = Release|x64
		{4900EC4E-8DEB-4412-9108-0BC52F81D457}.ReleaseSigned|Any CPU.ActiveCfg = ReleaseSigned|Any CPU
		{4900EC4E-8DEB-4412-9108-0BC52F81D457}.ReleaseSigned|Any CPU.Build.0 = ReleaseSigned|Any CPU
		{4900EC4E-8DEB-4412-9108-0BC52F81D457}.ReleaseSigned|x64.ActiveCfg = ReleaseSigned|x64
		{4900EC4E-8DEB-4412-9108-0BC52F81D457}.ReleaseSigned|x64.Build.0 = ReleaseSigned|x64
		{BC420543-C04E-4BF3-96E1-CD81B823BDD7}.Debug|Any CPU.ActiveCfg = Debug|Any CPU
		{BC420543-C04E-4BF3-96E1-CD81B823BDD7}.Debug|Any CPU.Build.0 = Debug|Any CPU
		{BC420543-C04E-4BF3-96E1-CD81B823BDD7}.Debug|x64.ActiveCfg = Debug|x64
		{BC420543-C04E-4BF3-96E1-CD81B823BDD7}.Debug|x64.Build.0 = Debug|x64
		{BC420543-C04E-4BF3-96E1-CD81B823BDD7}.Release|Any CPU.ActiveCfg = Release|Any CPU
		{BC420543-C04E-4BF3-96E1-CD81B823BDD7}.Release|Any CPU.Build.0 = Release|Any CPU
		{BC420543-C04E-4BF3-96E1-CD81B823BDD7}.Release|x64.ActiveCfg = Release|x64
		{BC420543-C04E-4BF3-96E1-CD81B823BDD7}.Release|x64.Build.0 = Release|x64
		{BC420543-C04E-4BF3-96E1-CD81B823BDD7}.ReleaseSigned|Any CPU.ActiveCfg = ReleaseSigned|Any CPU
		{BC420543-C04E-4BF3-96E1-CD81B823BDD7}.ReleaseSigned|Any CPU.Build.0 = ReleaseSigned|Any CPU
		{BC420543-C04E-4BF3-96E1-CD81B823BDD7}.ReleaseSigned|x64.ActiveCfg = ReleaseSigned|x64
		{BC420543-C04E-4BF3-96E1-CD81B823BDD7}.ReleaseSigned|x64.Build.0 = ReleaseSigned|x64
		{CE97967B-7479-43B9-9561-776232AC5D47}.Debug|Any CPU.ActiveCfg = Debug|Any CPU
		{CE97967B-7479-43B9-9561-776232AC5D47}.Debug|Any CPU.Build.0 = Debug|Any CPU
		{CE97967B-7479-43B9-9561-776232AC5D47}.Debug|x64.ActiveCfg = Debug|x64
		{CE97967B-7479-43B9-9561-776232AC5D47}.Debug|x64.Build.0 = Debug|x64
		{CE97967B-7479-43B9-9561-776232AC5D47}.Release|Any CPU.ActiveCfg = Release|Any CPU
		{CE97967B-7479-43B9-9561-776232AC5D47}.Release|Any CPU.Build.0 = Release|Any CPU
		{CE97967B-7479-43B9-9561-776232AC5D47}.Release|x64.ActiveCfg = Release|x64
		{CE97967B-7479-43B9-9561-776232AC5D47}.Release|x64.Build.0 = Release|x64
		{CE97967B-7479-43B9-9561-776232AC5D47}.ReleaseSigned|Any CPU.ActiveCfg = ReleaseSigned|Any CPU
		{CE97967B-7479-43B9-9561-776232AC5D47}.ReleaseSigned|Any CPU.Build.0 = ReleaseSigned|Any CPU
		{CE97967B-7479-43B9-9561-776232AC5D47}.ReleaseSigned|x64.ActiveCfg = ReleaseSigned|x64
		{CE97967B-7479-43B9-9561-776232AC5D47}.ReleaseSigned|x64.Build.0 = ReleaseSigned|x64
		{0A513849-2690-4D07-8DE7-0ACE39645D12}.Debug|Any CPU.ActiveCfg = Debug|Any CPU
		{0A513849-2690-4D07-8DE7-0ACE39645D12}.Debug|Any CPU.Build.0 = Debug|Any CPU
		{0A513849-2690-4D07-8DE7-0ACE39645D12}.Debug|x64.ActiveCfg = Debug|x64
		{0A513849-2690-4D07-8DE7-0ACE39645D12}.Debug|x64.Build.0 = Debug|x64
		{0A513849-2690-4D07-8DE7-0ACE39645D12}.Release|Any CPU.ActiveCfg = Release|Any CPU
		{0A513849-2690-4D07-8DE7-0ACE39645D12}.Release|Any CPU.Build.0 = Release|Any CPU
		{0A513849-2690-4D07-8DE7-0ACE39645D12}.Release|x64.ActiveCfg = Release|x64
		{0A513849-2690-4D07-8DE7-0ACE39645D12}.Release|x64.Build.0 = Release|x64
		{0A513849-2690-4D07-8DE7-0ACE39645D12}.ReleaseSigned|Any CPU.ActiveCfg = ReleaseSigned|Any CPU
		{0A513849-2690-4D07-8DE7-0ACE39645D12}.ReleaseSigned|Any CPU.Build.0 = ReleaseSigned|Any CPU
		{0A513849-2690-4D07-8DE7-0ACE39645D12}.ReleaseSigned|x64.ActiveCfg = ReleaseSigned|x64
		{0A513849-2690-4D07-8DE7-0ACE39645D12}.ReleaseSigned|x64.Build.0 = ReleaseSigned|x64
		{4BC0E3D3-6EDD-43AA-8F15-DCFED8ACC93D}.Debug|Any CPU.ActiveCfg = Debug|Any CPU
		{4BC0E3D3-6EDD-43AA-8F15-DCFED8ACC93D}.Debug|Any CPU.Build.0 = Debug|Any CPU
		{4BC0E3D3-6EDD-43AA-8F15-DCFED8ACC93D}.Debug|x64.ActiveCfg = Debug|x64
		{4BC0E3D3-6EDD-43AA-8F15-DCFED8ACC93D}.Debug|x64.Build.0 = Debug|x64
		{4BC0E3D3-6EDD-43AA-8F15-DCFED8ACC93D}.Release|Any CPU.ActiveCfg = Release|Any CPU
		{4BC0E3D3-6EDD-43AA-8F15-DCFED8ACC93D}.Release|Any CPU.Build.0 = Release|Any CPU
		{4BC0E3D3-6EDD-43AA-8F15-DCFED8ACC93D}.Release|x64.ActiveCfg = Release|x64
		{4BC0E3D3-6EDD-43AA-8F15-DCFED8ACC93D}.Release|x64.Build.0 = Release|x64
		{4BC0E3D3-6EDD-43AA-8F15-DCFED8ACC93D}.ReleaseSigned|Any CPU.ActiveCfg = ReleaseSigned|Any CPU
		{4BC0E3D3-6EDD-43AA-8F15-DCFED8ACC93D}.ReleaseSigned|Any CPU.Build.0 = ReleaseSigned|Any CPU
		{4BC0E3D3-6EDD-43AA-8F15-DCFED8ACC93D}.ReleaseSigned|x64.ActiveCfg = ReleaseSigned|x64
		{4BC0E3D3-6EDD-43AA-8F15-DCFED8ACC93D}.ReleaseSigned|x64.Build.0 = ReleaseSigned|x64
		{9D5A40CA-5594-4F5C-8230-7ADF7CC0558E}.Debug|Any CPU.ActiveCfg = Debug|Any CPU
		{9D5A40CA-5594-4F5C-8230-7ADF7CC0558E}.Debug|Any CPU.Build.0 = Debug|Any CPU
		{9D5A40CA-5594-4F5C-8230-7ADF7CC0558E}.Debug|x64.ActiveCfg = Debug|Any CPU
		{9D5A40CA-5594-4F5C-8230-7ADF7CC0558E}.Release|Any CPU.ActiveCfg = Release|Any CPU
		{9D5A40CA-5594-4F5C-8230-7ADF7CC0558E}.Release|Any CPU.Build.0 = Release|Any CPU
		{9D5A40CA-5594-4F5C-8230-7ADF7CC0558E}.Release|x64.ActiveCfg = Release|Any CPU
		{9D5A40CA-5594-4F5C-8230-7ADF7CC0558E}.ReleaseSigned|Any CPU.ActiveCfg = ReleaseSigned|Any CPU
		{9D5A40CA-5594-4F5C-8230-7ADF7CC0558E}.ReleaseSigned|Any CPU.Build.0 = ReleaseSigned|Any CPU
		{9D5A40CA-5594-4F5C-8230-7ADF7CC0558E}.ReleaseSigned|x64.ActiveCfg = ReleaseSigned|Any CPU
		{6478FA8B-3801-4863-8591-87F0855D5C82}.Debug|Any CPU.ActiveCfg = Debug|Any CPU
		{6478FA8B-3801-4863-8591-87F0855D5C82}.Debug|Any CPU.Build.0 = Debug|Any CPU
		{6478FA8B-3801-4863-8591-87F0855D5C82}.Debug|x64.ActiveCfg = Debug|x64
		{6478FA8B-3801-4863-8591-87F0855D5C82}.Debug|x64.Build.0 = Debug|x64
		{6478FA8B-3801-4863-8591-87F0855D5C82}.Release|Any CPU.ActiveCfg = Release|Any CPU
		{6478FA8B-3801-4863-8591-87F0855D5C82}.Release|Any CPU.Build.0 = Release|Any CPU
		{6478FA8B-3801-4863-8591-87F0855D5C82}.Release|x64.ActiveCfg = Release|x64
		{6478FA8B-3801-4863-8591-87F0855D5C82}.Release|x64.Build.0 = Release|x64
		{6478FA8B-3801-4863-8591-87F0855D5C82}.ReleaseSigned|Any CPU.ActiveCfg = ReleaseSigned|Any CPU
		{6478FA8B-3801-4863-8591-87F0855D5C82}.ReleaseSigned|Any CPU.Build.0 = ReleaseSigned|Any CPU
		{6478FA8B-3801-4863-8591-87F0855D5C82}.ReleaseSigned|x64.ActiveCfg = ReleaseSigned|x64
		{6478FA8B-3801-4863-8591-87F0855D5C82}.ReleaseSigned|x64.Build.0 = ReleaseSigned|x64
	EndGlobalSection
	GlobalSection(SolutionProperties) = preSolution
		HideSolutionNode = FALSE
	EndGlobalSection
EndGlobal
