
Microsoft Visual Studio Solution File, Format Version 12.00
# Visual Studio 2013
Project("{930C7802-8A8C-48F9-8165-68863BCCD9DD}") = "AzurePowerShell", "AzurePowerShell.wixproj", "{36D6E303-E057-4963-A093-C7AAE0FD92B3}"
	ProjectSection(ProjectDependencies) = postProject
		{EA5BD11B-10B3-433D-A250-92AE76669D8D} = {EA5BD11B-10B3-433D-A250-92AE76669D8D}
	EndProjectSection
EndProject
Project("{FAE04EC0-301F-11D3-BF4B-00C04F79EFBC}") = "Setup", "Setup\Setup.csproj", "{EA5BD11B-10B3-433D-A250-92AE76669D8D}"
EndProject
Global
	GlobalSection(SolutionConfigurationPlatforms) = preSolution
		Debug|AnyCPU = Debug|AnyCPU
		Release|AnyCPU = Release|AnyCPU
	EndGlobalSection
	GlobalSection(ProjectConfigurationPlatforms) = postSolution
		{36D6E303-E057-4963-A093-C7AAE0FD92B3}.Debug|AnyCPU.ActiveCfg = Debug|AnyCPU
		{36D6E303-E057-4963-A093-C7AAE0FD92B3}.Debug|AnyCPU.Build.0 = Debug|AnyCPU
		{36D6E303-E057-4963-A093-C7AAE0FD92B3}.Debug|AnyCPU.ActiveCfg = Debug|AnyCPU
		{36D6E303-E057-4963-A093-C7AAE0FD92B3}.Debug|AnyCPU.Build.0 = Debug|AnyCPU
		{36D6E303-E057-4963-A093-C7AAE0FD92B3}.Release|AnyCPU.ActiveCfg = Release|AnyCPU
		{36D6E303-E057-4963-A093-C7AAE0FD92B3}.Release|AnyCPU.Build.0 = Release|AnyCPU
		{36D6E303-E057-4963-A093-C7AAE0FD92B3}.Release|AnyCPU.ActiveCfg = Release|AnyCPU
		{36D6E303-E057-4963-A093-C7AAE0FD92B3}.Release|AnyCPU.Build.0 = Release|AnyCPU
		{EA5BD11B-10B3-433D-A250-92AE76669D8D}.Debug|AnyCPU.ActiveCfg = Debug|AnyCPU
		{EA5BD11B-10B3-433D-A250-92AE76669D8D}.Debug|AnyCPU.Build.0 = Debug|AnyCPU
		{EA5BD11B-10B3-433D-A250-92AE76669D8D}.Debug|AnyCPU.ActiveCfg = Debug|AnyCPU
		{EA5BD11B-10B3-433D-A250-92AE76669D8D}.Debug|AnyCPU.Build.0 = Debug|AnyCPU
		{EA5BD11B-10B3-433D-A250-92AE76669D8D}.Release|AnyCPU.ActiveCfg = Release|AnyCPU
		{EA5BD11B-10B3-433D-A250-92AE76669D8D}.Release|AnyCPU.Build.0 = Release|AnyCPU
		{EA5BD11B-10B3-433D-A250-92AE76669D8D}.Release|AnyCPU.ActiveCfg = Release|AnyCPU
		{EA5BD11B-10B3-433D-A250-92AE76669D8D}.Release|AnyCPU.Build.0 = Release|AnyCPU
	EndGlobalSection
	GlobalSection(SolutionProperties) = preSolution
		HideSolutionNode = FALSE
	EndGlobalSection
EndGlobal
