
Microsoft Visual Studio Solution File, Format Version 12.00
# Visual Studio 2013
VisualStudioVersion = 12.0.30110.0
MinimumVisualStudioVersion = 10.0.40219.1
Project("{FAE04EC0-301F-11D3-BF4B-00C04F79EFBC}") = "Commands.ServiceManagement", "ServiceManagement\Compute\Commands.ServiceManagement\Commands.ServiceManagement.csproj", "{E1CA72BA-8374-45F6-904D-FD34ECDF5B6F}"
EndProject
Project("{FAE04EC0-301F-11D3-BF4B-00C04F79EFBC}") = "Commands.ServiceManagement.PlatformImageRepository", "ServiceManagement\Compute\Commands.ServiceManagement.PlatformImageRepository\Commands.ServiceManagement.PlatformImageRepository.csproj", "{6478FA8B-3801-4863-8591-87F0855D5C82}"
EndProject
Project("{FAE04EC0-301F-11D3-BF4B-00C04F79EFBC}") = "Commands.ServiceManagement.Preview", "ServiceManagement\Compute\Commands.ServiceManagement.Preview\Commands.ServiceManagement.Preview.csproj", "{E895BBDA-0B06-46AB-B909-9B97B3ECE47E}"
EndProject
Project("{FAE04EC0-301F-11D3-BF4B-00C04F79EFBC}") = "Commands.ServiceManagement.Test", "ServiceManagement\Compute\Commands.ServiceManagement.Test\Commands.ServiceManagement.Test.csproj", "{58A78F29-8C0C-4A5E-893E-3953C0F29C8A}"
EndProject
Project("{FAE04EC0-301F-11D3-BF4B-00C04F79EFBC}") = "ConsoleAppUtils", "ServiceManagement\Compute\ConsoleAppUtils\ConsoleAppUtils.csproj", "{ED57ECAF-AD30-4C7A-99A6-8757A83B19F0}"
EndProject
Project("{FAE04EC0-301F-11D3-BF4B-00C04F79EFBC}") = "ServiceManagement.Additions", "ServiceManagement\Compute\ServiceManagement.Additions\ServiceManagement.Additions.csproj", "{DA1432AF-D6B5-47A1-8B74-CCD740683E0F}"
EndProject
Project("{FAE04EC0-301F-11D3-BF4B-00C04F79EFBC}") = "Sync", "ServiceManagement\Compute\Sync\Sync.csproj", "{73820CBC-F4EB-4C5E-B4F0-CC4A93FBF157}"
EndProject
Project("{FAE04EC0-301F-11D3-BF4B-00C04F79EFBC}") = "VhdManagement", "ServiceManagement\Compute\VhdManagement\VhdManagement.csproj", "{80496B7B-068A-4A1E-B0BB-4B1FFF3FA616}"
EndProject
Global
	GlobalSection(SolutionConfigurationPlatforms) = preSolution
		Debug|AnyCPU = Debug|AnyCPU
		Release|AnyCPU = Release|AnyCPU
	EndGlobalSection
	GlobalSection(ProjectConfigurationPlatforms) = postSolution
		{E1CA72BA-8374-45F6-904D-FD34ECDF5B6F}.Debug|AnyCPU.ActiveCfg = Debug|AnyCPU
		{E1CA72BA-8374-45F6-904D-FD34ECDF5B6F}.Debug|AnyCPU.Build.0 = Debug|AnyCPU
		{E1CA72BA-8374-45F6-904D-FD34ECDF5B6F}.Release|AnyCPU.ActiveCfg = Release|AnyCPU
		{E1CA72BA-8374-45F6-904D-FD34ECDF5B6F}.Release|AnyCPU.Build.0 = Release|AnyCPU
		{6478FA8B-3801-4863-8591-87F0855D5C82}.Debug|AnyCPU.ActiveCfg = Debug|AnyCPU
		{6478FA8B-3801-4863-8591-87F0855D5C82}.Debug|AnyCPU.Build.0 = Debug|AnyCPU
		{6478FA8B-3801-4863-8591-87F0855D5C82}.Release|AnyCPU.ActiveCfg = Release|AnyCPU
		{6478FA8B-3801-4863-8591-87F0855D5C82}.Release|AnyCPU.Build.0 = Release|AnyCPU
		{E895BBDA-0B06-46AB-B909-9B97B3ECE47E}.Debug|AnyCPU.ActiveCfg = Debug|AnyCPU
		{E895BBDA-0B06-46AB-B909-9B97B3ECE47E}.Debug|AnyCPU.Build.0 = Debug|AnyCPU
		{E895BBDA-0B06-46AB-B909-9B97B3ECE47E}.Release|AnyCPU.ActiveCfg = Release|AnyCPU
		{E895BBDA-0B06-46AB-B909-9B97B3ECE47E}.Release|AnyCPU.Build.0 = Release|AnyCPU
		{58A78F29-8C0C-4A5E-893E-3953C0F29C8A}.Debug|AnyCPU.ActiveCfg = Debug|AnyCPU
		{58A78F29-8C0C-4A5E-893E-3953C0F29C8A}.Debug|AnyCPU.Build.0 = Debug|AnyCPU
		{58A78F29-8C0C-4A5E-893E-3953C0F29C8A}.Release|AnyCPU.ActiveCfg = Release|AnyCPU
		{58A78F29-8C0C-4A5E-893E-3953C0F29C8A}.Release|AnyCPU.Build.0 = Release|AnyCPU
		{ED57ECAF-AD30-4C7A-99A6-8757A83B19F0}.Debug|AnyCPU.ActiveCfg = Debug|AnyCPU
		{ED57ECAF-AD30-4C7A-99A6-8757A83B19F0}.Debug|AnyCPU.Build.0 = Debug|AnyCPU
		{ED57ECAF-AD30-4C7A-99A6-8757A83B19F0}.Release|AnyCPU.ActiveCfg = Release|AnyCPU
		{ED57ECAF-AD30-4C7A-99A6-8757A83B19F0}.Release|AnyCPU.Build.0 = Release|AnyCPU
		{DA1432AF-D6B5-47A1-8B74-CCD740683E0F}.Debug|AnyCPU.ActiveCfg = Debug|AnyCPU
		{DA1432AF-D6B5-47A1-8B74-CCD740683E0F}.Debug|AnyCPU.Build.0 = Debug|AnyCPU
		{DA1432AF-D6B5-47A1-8B74-CCD740683E0F}.Release|AnyCPU.ActiveCfg = Release|AnyCPU
		{DA1432AF-D6B5-47A1-8B74-CCD740683E0F}.Release|AnyCPU.Build.0 = Release|AnyCPU
		{73820CBC-F4EB-4C5E-B4F0-CC4A93FBF157}.Debug|AnyCPU.ActiveCfg = Debug|AnyCPU
		{73820CBC-F4EB-4C5E-B4F0-CC4A93FBF157}.Debug|AnyCPU.Build.0 = Debug|AnyCPU
		{73820CBC-F4EB-4C5E-B4F0-CC4A93FBF157}.Release|AnyCPU.ActiveCfg = Release|AnyCPU
		{73820CBC-F4EB-4C5E-B4F0-CC4A93FBF157}.Release|AnyCPU.Build.0 = Release|AnyCPU
		{80496B7B-068A-4A1E-B0BB-4B1FFF3FA616}.Debug|AnyCPU.ActiveCfg = Debug|AnyCPU
		{80496B7B-068A-4A1E-B0BB-4B1FFF3FA616}.Debug|AnyCPU.Build.0 = Debug|AnyCPU
		{80496B7B-068A-4A1E-B0BB-4B1FFF3FA616}.Release|AnyCPU.ActiveCfg = Release|AnyCPU
		{80496B7B-068A-4A1E-B0BB-4B1FFF3FA616}.Release|AnyCPU.Build.0 = Release|AnyCPU
	EndGlobalSection
	GlobalSection(SolutionProperties) = preSolution
		HideSolutionNode = FALSE
	EndGlobalSection
EndGlobal
