
Microsoft Visual Studio Solution File, Format Version 12.00
# Visual Studio 2013
VisualStudioVersion = 12.0.30110.0
MinimumVisualStudioVersion = 10.0.40219.1
Project("{FAE04EC0-301F-11D3-BF4B-00C04F79EFBC}") = "Commands.Storage", "ServiceManagement\Storage\Commands.Storage\Commands.Storage.csproj", "{08CF7DA7-0392-4A19-B79B-E1FF67CDB81A}"
EndProject
Project("{FAE04EC0-301F-11D3-BF4B-00C04F79EFBC}") = "Commands.Storage.MsTest2", "ServiceManagement\Storage\Commands.Storage.MsTest2\Commands.Storage.MsTest2.csproj", "{9D5A40CA-5594-4F5C-8230-7ADF7CC0558E}"
EndProject
Project("{FAE04EC0-301F-11D3-BF4B-00C04F79EFBC}") = "Commands.Storage.MsTestLib", "ServiceManagement\Storage\Commands.Storage.MsTestLib\Commands.Storage.MsTestLib.csproj", "{CE97967B-7479-43B9-9561-776232AC5D47}"
EndProject
Project("{FAE04EC0-301F-11D3-BF4B-00C04F79EFBC}") = "Commands.Storage.ScenarioTest", "ServiceManagement\Storage\Commands.Storage.ScenarioTest\Commands.Storage.ScenarioTest.csproj", "{4BC0E3D3-6EDD-43AA-8F15-DCFED8ACC93D}"
EndProject
Project("{FAE04EC0-301F-11D3-BF4B-00C04F79EFBC}") = "Commands.Storage.StorageTestLib", "ServiceManagement\Storage\Commands.Storage.StorageTestLib\Commands.Storage.StorageTestLib.csproj", "{0A513849-2690-4D07-8DE7-0ACE39645D12}"
EndProject
Project("{FAE04EC0-301F-11D3-BF4B-00C04F79EFBC}") = "Commands.Storage.Test", "ServiceManagement\Storage\Commands.Storage.Test\Commands.Storage.Test.csproj", "{D6F470A6-7395-4B8B-9D29-44DF0EC8F624}"
EndProject
Global
	GlobalSection(SolutionConfigurationPlatforms) = preSolution
		Debug|AnyCPU = Debug|AnyCPU
		Release|AnyCPU = Release|AnyCPU
	EndGlobalSection
	GlobalSection(ProjectConfigurationPlatforms) = postSolution
		{08CF7DA7-0392-4A19-B79B-E1FF67CDB81A}.Debug|AnyCPU.ActiveCfg = Debug|AnyCPU
		{08CF7DA7-0392-4A19-B79B-E1FF67CDB81A}.Debug|AnyCPU.Build.0 = Debug|AnyCPU
		{08CF7DA7-0392-4A19-B79B-E1FF67CDB81A}.Release|AnyCPU.ActiveCfg = Release|AnyCPU
		{08CF7DA7-0392-4A19-B79B-E1FF67CDB81A}.Release|AnyCPU.Build.0 = Release|AnyCPU
		{9D5A40CA-5594-4F5C-8230-7ADF7CC0558E}.Debug|AnyCPU.ActiveCfg = Debug|AnyCPU
		{9D5A40CA-5594-4F5C-8230-7ADF7CC0558E}.Debug|AnyCPU.Build.0 = Debug|AnyCPU
		{9D5A40CA-5594-4F5C-8230-7ADF7CC0558E}.Release|AnyCPU.ActiveCfg = Release|AnyCPU
		{9D5A40CA-5594-4F5C-8230-7ADF7CC0558E}.Release|AnyCPU.Build.0 = Release|AnyCPU
		{CE97967B-7479-43B9-9561-776232AC5D47}.Debug|AnyCPU.ActiveCfg = Debug|AnyCPU
		{CE97967B-7479-43B9-9561-776232AC5D47}.Debug|AnyCPU.Build.0 = Debug|AnyCPU
		{CE97967B-7479-43B9-9561-776232AC5D47}.Release|AnyCPU.ActiveCfg = Release|AnyCPU
		{CE97967B-7479-43B9-9561-776232AC5D47}.Release|AnyCPU.Build.0 = Release|AnyCPU
		{4BC0E3D3-6EDD-43AA-8F15-DCFED8ACC93D}.Debug|AnyCPU.ActiveCfg = Debug|AnyCPU
		{4BC0E3D3-6EDD-43AA-8F15-DCFED8ACC93D}.Debug|AnyCPU.Build.0 = Debug|AnyCPU
		{4BC0E3D3-6EDD-43AA-8F15-DCFED8ACC93D}.Release|AnyCPU.ActiveCfg = Release|AnyCPU
		{4BC0E3D3-6EDD-43AA-8F15-DCFED8ACC93D}.Release|AnyCPU.Build.0 = Release|AnyCPU
		{0A513849-2690-4D07-8DE7-0ACE39645D12}.Debug|AnyCPU.ActiveCfg = Debug|AnyCPU
		{0A513849-2690-4D07-8DE7-0ACE39645D12}.Debug|AnyCPU.Build.0 = Debug|AnyCPU
		{0A513849-2690-4D07-8DE7-0ACE39645D12}.Release|AnyCPU.ActiveCfg = Release|AnyCPU
		{0A513849-2690-4D07-8DE7-0ACE39645D12}.Release|AnyCPU.Build.0 = Release|AnyCPU
		{D6F470A6-7395-4B8B-9D29-44DF0EC8F624}.Debug|AnyCPU.ActiveCfg = Debug|AnyCPU
		{D6F470A6-7395-4B8B-9D29-44DF0EC8F624}.Debug|AnyCPU.Build.0 = Debug|AnyCPU
		{D6F470A6-7395-4B8B-9D29-44DF0EC8F624}.Release|AnyCPU.ActiveCfg = Release|AnyCPU
		{D6F470A6-7395-4B8B-9D29-44DF0EC8F624}.Release|AnyCPU.Build.0 = Release|AnyCPU
	EndGlobalSection
	GlobalSection(SolutionProperties) = preSolution
		HideSolutionNode = FALSE
	EndGlobalSection
EndGlobal
